// !$*UTF8*$!
{
	archiveVersion = 1;
	classes = {
	};
	objectVersion = 48;
	objects = {

/* Begin PBXBuildFile section */
		2A4A7C5FD9E14EA7625FB675 /* Pods_ColonelFundTests.framework in Frameworks */ = {isa = PBXBuildFile; fileRef = 3A094B27190A18602CA8F89D /* Pods_ColonelFundTests.framework */; };
		5F0713A91FAFD23C00AA623A /* MemberListTableViewController.swift in Sources */ = {isa = PBXBuildFile; fileRef = 5F0713A81FAFD23C00AA623A /* MemberListTableViewController.swift */; };
		5F0713AB1FAFD2F200AA623A /* MemberListTableViewCell.swift in Sources */ = {isa = PBXBuildFile; fileRef = 5F0713AA1FAFD2F200AA623A /* MemberListTableViewCell.swift */; };
		5F373EC81FC60A4F005B2BD1 /* FBSDKCoreKit.framework in Frameworks */ = {isa = PBXBuildFile; fileRef = 5F8718081FC5F9FD0091B13A /* FBSDKCoreKit.framework */; };
		5F373ECA1FC60A4F005B2BD1 /* FBSDKLoginKit.framework in Frameworks */ = {isa = PBXBuildFile; fileRef = 5F87180A1FC5F9FE0091B13A /* FBSDKLoginKit.framework */; };
		5F373ECC1FC60A4F005B2BD1 /* FBSDKShareKit.framework in Frameworks */ = {isa = PBXBuildFile; fileRef = 5F8718071FC5F9FD0091B13A /* FBSDKShareKit.framework */; };
		5F5779D91FAFE6CB000667FC /* DonateToMemberViewController.swift in Sources */ = {isa = PBXBuildFile; fileRef = 5F5779D81FAFE6CB000667FC /* DonateToMemberViewController.swift */; };
		5F5779DF1FB00F17000667FC /* ViewEventViewController.swift in Sources */ = {isa = PBXBuildFile; fileRef = 5F5779DE1FB00F17000667FC /* ViewEventViewController.swift */; };
		5F5779E31FB017A2000667FC /* EventListTableViewController.swift in Sources */ = {isa = PBXBuildFile; fileRef = 5F5779E21FB017A2000667FC /* EventListTableViewController.swift */; };
		5F5779E51FB017D3000667FC /* EventListTableViewCell.swift in Sources */ = {isa = PBXBuildFile; fileRef = 5F5779E41FB017D3000667FC /* EventListTableViewCell.swift */; };
		5F5779E71FB01805000667FC /* ViewMemberViewController.swift in Sources */ = {isa = PBXBuildFile; fileRef = 5F5779E61FB01805000667FC /* ViewMemberViewController.swift */; };
		5F5779E91FB01BDD000667FC /* DonateToEventViewController.swift in Sources */ = {isa = PBXBuildFile; fileRef = 5F5779E81FB01BDD000667FC /* DonateToEventViewController.swift */; };
		5F5779EB1FB02AC7000667FC /* CreateEventViewController.swift in Sources */ = {isa = PBXBuildFile; fileRef = 5F5779EA1FB02AC7000667FC /* CreateEventViewController.swift */; };
		5F8717FC1FC547C60091B13A /* LoginViewController.swift in Sources */ = {isa = PBXBuildFile; fileRef = 5F8717FB1FC547C60091B13A /* LoginViewController.swift */; };
		5F8717FE1FC5EB8E0091B13A /* AssociatedEventsTableViewCell.swift in Sources */ = {isa = PBXBuildFile; fileRef = 5F8717FD1FC5EB8E0091B13A /* AssociatedEventsTableViewCell.swift */; };
		5F87180B1FC5FA0A0091B13A /* Bolts.framework in Frameworks */ = {isa = PBXBuildFile; fileRef = 5F8718091FC5F9FD0091B13A /* Bolts.framework */; };
		5F995DD31F9286D700F8E459 /* AppDelegate.swift in Sources */ = {isa = PBXBuildFile; fileRef = 5F995DD21F9286D700F8E459 /* AppDelegate.swift */; };
		5F995DD51F9286D700F8E459 /* MainViewController.swift in Sources */ = {isa = PBXBuildFile; fileRef = 5F995DD41F9286D700F8E459 /* MainViewController.swift */; };
		5F995DD81F9286D700F8E459 /* Main.storyboard in Resources */ = {isa = PBXBuildFile; fileRef = 5F995DD61F9286D700F8E459 /* Main.storyboard */; };
		5F995DDB1F9286D700F8E459 /* ColonelFund.xcdatamodeld in Sources */ = {isa = PBXBuildFile; fileRef = 5F995DD91F9286D700F8E459 /* ColonelFund.xcdatamodeld */; };
		5F995DDD1F9286D700F8E459 /* Assets.xcassets in Resources */ = {isa = PBXBuildFile; fileRef = 5F995DDC1F9286D700F8E459 /* Assets.xcassets */; };
		5F995DE01F9286D700F8E459 /* LaunchScreen.storyboard in Resources */ = {isa = PBXBuildFile; fileRef = 5F995DDE1F9286D700F8E459 /* LaunchScreen.storyboard */; };
		5F995DEB1F9286D700F8E459 /* ColonelFundTests.swift in Sources */ = {isa = PBXBuildFile; fileRef = 5F995DEA1F9286D700F8E459 /* ColonelFundTests.swift */; };
		5F995DF61F9286D700F8E459 /* ColonelFundUITests.swift in Sources */ = {isa = PBXBuildFile; fileRef = 5F995DF51F9286D700F8E459 /* ColonelFundUITests.swift */; };
		8B9B7591A2407196F9FBE80F /* Pods_ColonelFundUITests.framework in Frameworks */ = {isa = PBXBuildFile; fileRef = 01813030FE611A1F2C0C68F5 /* Pods_ColonelFundUITests.framework */; };
		9D673070D286AF7759B44069 /* Pods_ColonelFund.framework in Frameworks */ = {isa = PBXBuildFile; fileRef = 8A376924EDE39EA89AA546A1 /* Pods_ColonelFund.framework */; };
/* End PBXBuildFile section */

/* Begin PBXContainerItemProxy section */
		5F995DE71F9286D700F8E459 /* PBXContainerItemProxy */ = {
			isa = PBXContainerItemProxy;
			containerPortal = 5F995DC71F9286D700F8E459 /* Project object */;
			proxyType = 1;
			remoteGlobalIDString = 5F995DCE1F9286D700F8E459;
			remoteInfo = ColonelFund;
		};
		5F995DF21F9286D700F8E459 /* PBXContainerItemProxy */ = {
			isa = PBXContainerItemProxy;
			containerPortal = 5F995DC71F9286D700F8E459 /* Project object */;
			proxyType = 1;
			remoteGlobalIDString = 5F995DCE1F9286D700F8E459;
			remoteInfo = ColonelFund;
		};
/* End PBXContainerItemProxy section */

/* Begin PBXFileReference section */
		01813030FE611A1F2C0C68F5 /* Pods_ColonelFundUITests.framework */ = {isa = PBXFileReference; explicitFileType = wrapper.framework; includeInIndex = 0; path = Pods_ColonelFundUITests.framework; sourceTree = BUILT_PRODUCTS_DIR; };
		022A8ABB9E807A48185D4214 /* Pods-ColonelFundUITests.debug.xcconfig */ = {isa = PBXFileReference; includeInIndex = 1; lastKnownFileType = text.xcconfig; name = "Pods-ColonelFundUITests.debug.xcconfig"; path = "Pods/Target Support Files/Pods-ColonelFundUITests/Pods-ColonelFundUITests.debug.xcconfig"; sourceTree = "<group>"; };
		3A094B27190A18602CA8F89D /* Pods_ColonelFundTests.framework */ = {isa = PBXFileReference; explicitFileType = wrapper.framework; includeInIndex = 0; path = Pods_ColonelFundTests.framework; sourceTree = BUILT_PRODUCTS_DIR; };
		5F0713A81FAFD23C00AA623A /* MemberListTableViewController.swift */ = {isa = PBXFileReference; lastKnownFileType = sourcecode.swift; path = MemberListTableViewController.swift; sourceTree = "<group>"; };
		5F0713AA1FAFD2F200AA623A /* MemberListTableViewCell.swift */ = {isa = PBXFileReference; lastKnownFileType = sourcecode.swift; path = MemberListTableViewCell.swift; sourceTree = "<group>"; };
		5F5779D81FAFE6CB000667FC /* DonateToMemberViewController.swift */ = {isa = PBXFileReference; lastKnownFileType = sourcecode.swift; path = DonateToMemberViewController.swift; sourceTree = "<group>"; };
		5F5779DE1FB00F17000667FC /* ViewEventViewController.swift */ = {isa = PBXFileReference; lastKnownFileType = sourcecode.swift; path = ViewEventViewController.swift; sourceTree = "<group>"; };
		5F5779E21FB017A2000667FC /* EventListTableViewController.swift */ = {isa = PBXFileReference; lastKnownFileType = sourcecode.swift; path = EventListTableViewController.swift; sourceTree = "<group>"; };
		5F5779E41FB017D3000667FC /* EventListTableViewCell.swift */ = {isa = PBXFileReference; lastKnownFileType = sourcecode.swift; path = EventListTableViewCell.swift; sourceTree = "<group>"; };
		5F5779E61FB01805000667FC /* ViewMemberViewController.swift */ = {isa = PBXFileReference; lastKnownFileType = sourcecode.swift; path = ViewMemberViewController.swift; sourceTree = "<group>"; };
		5F5779E81FB01BDD000667FC /* DonateToEventViewController.swift */ = {isa = PBXFileReference; lastKnownFileType = sourcecode.swift; path = DonateToEventViewController.swift; sourceTree = "<group>"; };
		5F5779EA1FB02AC7000667FC /* CreateEventViewController.swift */ = {isa = PBXFileReference; lastKnownFileType = sourcecode.swift; path = CreateEventViewController.swift; sourceTree = "<group>"; };
		5F8717FB1FC547C60091B13A /* LoginViewController.swift */ = {isa = PBXFileReference; lastKnownFileType = sourcecode.swift; path = LoginViewController.swift; sourceTree = "<group>"; };
		5F8717FD1FC5EB8E0091B13A /* AssociatedEventsTableViewCell.swift */ = {isa = PBXFileReference; lastKnownFileType = sourcecode.swift; path = AssociatedEventsTableViewCell.swift; sourceTree = "<group>"; };
		5F8718071FC5F9FD0091B13A /* FBSDKShareKit.framework */ = {isa = PBXFileReference; lastKnownFileType = wrapper.framework; path = FBSDKShareKit.framework; sourceTree = "<group>"; };
		5F8718081FC5F9FD0091B13A /* FBSDKCoreKit.framework */ = {isa = PBXFileReference; lastKnownFileType = wrapper.framework; path = FBSDKCoreKit.framework; sourceTree = "<group>"; };
		5F8718091FC5F9FD0091B13A /* Bolts.framework */ = {isa = PBXFileReference; lastKnownFileType = wrapper.framework; path = Bolts.framework; sourceTree = "<group>"; };
		5F87180A1FC5F9FE0091B13A /* FBSDKLoginKit.framework */ = {isa = PBXFileReference; lastKnownFileType = wrapper.framework; path = FBSDKLoginKit.framework; sourceTree = "<group>"; };
		5F995DCF1F9286D700F8E459 /* ColonelFund.app */ = {isa = PBXFileReference; explicitFileType = wrapper.application; includeInIndex = 0; path = ColonelFund.app; sourceTree = BUILT_PRODUCTS_DIR; };
		5F995DD21F9286D700F8E459 /* AppDelegate.swift */ = {isa = PBXFileReference; lastKnownFileType = sourcecode.swift; path = AppDelegate.swift; sourceTree = "<group>"; };
		5F995DD41F9286D700F8E459 /* MainViewController.swift */ = {isa = PBXFileReference; lastKnownFileType = sourcecode.swift; path = MainViewController.swift; sourceTree = "<group>"; };
		5F995DD71F9286D700F8E459 /* Base */ = {isa = PBXFileReference; lastKnownFileType = file.storyboard; name = Base; path = Base.lproj/Main.storyboard; sourceTree = "<group>"; };
		5F995DDA1F9286D700F8E459 /* ColonelFund.xcdatamodel */ = {isa = PBXFileReference; lastKnownFileType = wrapper.xcdatamodel; path = ColonelFund.xcdatamodel; sourceTree = "<group>"; };
		5F995DDC1F9286D700F8E459 /* Assets.xcassets */ = {isa = PBXFileReference; lastKnownFileType = folder.assetcatalog; path = Assets.xcassets; sourceTree = "<group>"; };
		5F995DDF1F9286D700F8E459 /* Base */ = {isa = PBXFileReference; lastKnownFileType = file.storyboard; name = Base; path = Base.lproj/LaunchScreen.storyboard; sourceTree = "<group>"; };
		5F995DE11F9286D700F8E459 /* Info.plist */ = {isa = PBXFileReference; lastKnownFileType = text.plist.xml; path = Info.plist; sourceTree = "<group>"; };
		5F995DE61F9286D700F8E459 /* ColonelFundTests.xctest */ = {isa = PBXFileReference; explicitFileType = wrapper.cfbundle; includeInIndex = 0; path = ColonelFundTests.xctest; sourceTree = BUILT_PRODUCTS_DIR; };
		5F995DEA1F9286D700F8E459 /* ColonelFundTests.swift */ = {isa = PBXFileReference; lastKnownFileType = sourcecode.swift; path = ColonelFundTests.swift; sourceTree = "<group>"; };
		5F995DEC1F9286D700F8E459 /* Info.plist */ = {isa = PBXFileReference; lastKnownFileType = text.plist.xml; path = Info.plist; sourceTree = "<group>"; };
		5F995DF11F9286D700F8E459 /* ColonelFundUITests.xctest */ = {isa = PBXFileReference; explicitFileType = wrapper.cfbundle; includeInIndex = 0; path = ColonelFundUITests.xctest; sourceTree = BUILT_PRODUCTS_DIR; };
		5F995DF51F9286D700F8E459 /* ColonelFundUITests.swift */ = {isa = PBXFileReference; lastKnownFileType = sourcecode.swift; path = ColonelFundUITests.swift; sourceTree = "<group>"; };
		5F995DF71F9286D700F8E459 /* Info.plist */ = {isa = PBXFileReference; lastKnownFileType = text.plist.xml; path = Info.plist; sourceTree = "<group>"; };
		77A564E0EE15CBDF1E1B18F8 /* Pods-ColonelFund.debug.xcconfig */ = {isa = PBXFileReference; includeInIndex = 1; lastKnownFileType = text.xcconfig; name = "Pods-ColonelFund.debug.xcconfig"; path = "Pods/Target Support Files/Pods-ColonelFund/Pods-ColonelFund.debug.xcconfig"; sourceTree = "<group>"; };
		7D0820BB8FAA413B443E057D /* Pods-ColonelFundTests.release.xcconfig */ = {isa = PBXFileReference; includeInIndex = 1; lastKnownFileType = text.xcconfig; name = "Pods-ColonelFundTests.release.xcconfig"; path = "Pods/Target Support Files/Pods-ColonelFundTests/Pods-ColonelFundTests.release.xcconfig"; sourceTree = "<group>"; };
		8A376924EDE39EA89AA546A1 /* Pods_ColonelFund.framework */ = {isa = PBXFileReference; explicitFileType = wrapper.framework; includeInIndex = 0; path = Pods_ColonelFund.framework; sourceTree = BUILT_PRODUCTS_DIR; };
		8C9EF058DEDAC50DBE03846D /* Pods-ColonelFundTests.debug.xcconfig */ = {isa = PBXFileReference; includeInIndex = 1; lastKnownFileType = text.xcconfig; name = "Pods-ColonelFundTests.debug.xcconfig"; path = "Pods/Target Support Files/Pods-ColonelFundTests/Pods-ColonelFundTests.debug.xcconfig"; sourceTree = "<group>"; };
		AEB4BE9924040FBFE0A6C09C /* Pods-ColonelFund.release.xcconfig */ = {isa = PBXFileReference; includeInIndex = 1; lastKnownFileType = text.xcconfig; name = "Pods-ColonelFund.release.xcconfig"; path = "Pods/Target Support Files/Pods-ColonelFund/Pods-ColonelFund.release.xcconfig"; sourceTree = "<group>"; };
		EEC16D6D6C48179A491E2E79 /* Pods-ColonelFundUITests.release.xcconfig */ = {isa = PBXFileReference; includeInIndex = 1; lastKnownFileType = text.xcconfig; name = "Pods-ColonelFundUITests.release.xcconfig"; path = "Pods/Target Support Files/Pods-ColonelFundUITests/Pods-ColonelFundUITests.release.xcconfig"; sourceTree = "<group>"; };
/* End PBXFileReference section */

/* Begin PBXFrameworksBuildPhase section */
		5F995DCC1F9286D700F8E459 /* Frameworks */ = {
			isa = PBXFrameworksBuildPhase;
			buildActionMask = 2147483647;
			files = (
				5F373EC81FC60A4F005B2BD1 /* FBSDKCoreKit.framework in Frameworks */,
				5F87180B1FC5FA0A0091B13A /* Bolts.framework in Frameworks */,
				5F373ECA1FC60A4F005B2BD1 /* FBSDKLoginKit.framework in Frameworks */,
				5F373ECC1FC60A4F005B2BD1 /* FBSDKShareKit.framework in Frameworks */,
				9D673070D286AF7759B44069 /* Pods_ColonelFund.framework in Frameworks */,
			);
			runOnlyForDeploymentPostprocessing = 0;
		};
		5F995DE31F9286D700F8E459 /* Frameworks */ = {
			isa = PBXFrameworksBuildPhase;
			buildActionMask = 2147483647;
			files = (
				2A4A7C5FD9E14EA7625FB675 /* Pods_ColonelFundTests.framework in Frameworks */,
			);
			runOnlyForDeploymentPostprocessing = 0;
		};
		5F995DEE1F9286D700F8E459 /* Frameworks */ = {
			isa = PBXFrameworksBuildPhase;
			buildActionMask = 2147483647;
			files = (
				8B9B7591A2407196F9FBE80F /* Pods_ColonelFundUITests.framework in Frameworks */,
			);
			runOnlyForDeploymentPostprocessing = 0;
		};
/* End PBXFrameworksBuildPhase section */

/* Begin PBXGroup section */
		5AFEECB638871F7ACDF2DC3F /* Pods */ = {
			isa = PBXGroup;
			children = (
				77A564E0EE15CBDF1E1B18F8 /* Pods-ColonelFund.debug.xcconfig */,
				AEB4BE9924040FBFE0A6C09C /* Pods-ColonelFund.release.xcconfig */,
				8C9EF058DEDAC50DBE03846D /* Pods-ColonelFundTests.debug.xcconfig */,
				7D0820BB8FAA413B443E057D /* Pods-ColonelFundTests.release.xcconfig */,
				022A8ABB9E807A48185D4214 /* Pods-ColonelFundUITests.debug.xcconfig */,
				EEC16D6D6C48179A491E2E79 /* Pods-ColonelFundUITests.release.xcconfig */,
			);
			name = Pods;
			sourceTree = "<group>";
		};
		5F8717F61FC543570091B13A /* Frameworks */ = {
			isa = PBXGroup;
			children = (
				5F8718091FC5F9FD0091B13A /* Bolts.framework */,
				5F8718081FC5F9FD0091B13A /* FBSDKCoreKit.framework */,
				5F87180A1FC5F9FE0091B13A /* FBSDKLoginKit.framework */,
				5F8718071FC5F9FD0091B13A /* FBSDKShareKit.framework */,
				8A376924EDE39EA89AA546A1 /* Pods_ColonelFund.framework */,
				3A094B27190A18602CA8F89D /* Pods_ColonelFundTests.framework */,
				01813030FE611A1F2C0C68F5 /* Pods_ColonelFundUITests.framework */,
			);
			name = Frameworks;
			sourceTree = "<group>";
		};
		5F995DC61F9286D700F8E459 = {
			isa = PBXGroup;
			children = (
				5F995DD11F9286D700F8E459 /* ColonelFund */,
				5F995DE91F9286D700F8E459 /* ColonelFundTests */,
				5F995DF41F9286D700F8E459 /* ColonelFundUITests */,
				5F995DD01F9286D700F8E459 /* Products */,
				5F8717F61FC543570091B13A /* Frameworks */,
				5AFEECB638871F7ACDF2DC3F /* Pods */,
			);
			sourceTree = "<group>";
		};
		5F995DD01F9286D700F8E459 /* Products */ = {
			isa = PBXGroup;
			children = (
				5F995DCF1F9286D700F8E459 /* ColonelFund.app */,
				5F995DE61F9286D700F8E459 /* ColonelFundTests.xctest */,
				5F995DF11F9286D700F8E459 /* ColonelFundUITests.xctest */,
			);
			name = Products;
			sourceTree = "<group>";
		};
		5F995DD11F9286D700F8E459 /* ColonelFund */ = {
			isa = PBXGroup;
			children = (
				5F5779E41FB017D3000667FC /* EventListTableViewCell.swift */,
				5F5779E21FB017A2000667FC /* EventListTableViewController.swift */,
				5F995DD21F9286D700F8E459 /* AppDelegate.swift */,
				5F995DD41F9286D700F8E459 /* MainViewController.swift */,
				5F0713A81FAFD23C00AA623A /* MemberListTableViewController.swift */,
				5F995DD61F9286D700F8E459 /* Main.storyboard */,
				5F8717FD1FC5EB8E0091B13A /* AssociatedEventsTableViewCell.swift */,
				5F8717FB1FC547C60091B13A /* LoginViewController.swift */,
				5F5779EA1FB02AC7000667FC /* CreateEventViewController.swift */,
				5F5779E81FB01BDD000667FC /* DonateToEventViewController.swift */,
				5F5779DE1FB00F17000667FC /* ViewEventViewController.swift */,
				5F5779E61FB01805000667FC /* ViewMemberViewController.swift */,
				5F5779D81FAFE6CB000667FC /* DonateToMemberViewController.swift */,
				5F0713AA1FAFD2F200AA623A /* MemberListTableViewCell.swift */,
				5F995DDC1F9286D700F8E459 /* Assets.xcassets */,
				5F995DDE1F9286D700F8E459 /* LaunchScreen.storyboard */,
				5F995DE11F9286D700F8E459 /* Info.plist */,
				5F995DD91F9286D700F8E459 /* ColonelFund.xcdatamodeld */,
			);
			path = ColonelFund;
			sourceTree = "<group>";
		};
		5F995DE91F9286D700F8E459 /* ColonelFundTests */ = {
			isa = PBXGroup;
			children = (
				5F995DEA1F9286D700F8E459 /* ColonelFundTests.swift */,
				5F995DEC1F9286D700F8E459 /* Info.plist */,
			);
			path = ColonelFundTests;
			sourceTree = "<group>";
		};
		5F995DF41F9286D700F8E459 /* ColonelFundUITests */ = {
			isa = PBXGroup;
			children = (
				5F995DF51F9286D700F8E459 /* ColonelFundUITests.swift */,
				5F995DF71F9286D700F8E459 /* Info.plist */,
			);
			path = ColonelFundUITests;
			sourceTree = "<group>";
		};
/* End PBXGroup section */

/* Begin PBXNativeTarget section */
		5F995DCE1F9286D700F8E459 /* ColonelFund */ = {
			isa = PBXNativeTarget;
			buildConfigurationList = 5F995DFA1F9286D700F8E459 /* Build configuration list for PBXNativeTarget "ColonelFund" */;
			buildPhases = (
				1E2103E7244D7F4C7F9A10DB /* [CP] Check Pods Manifest.lock */,
				5F995DCB1F9286D700F8E459 /* Sources */,
				5F995DCC1F9286D700F8E459 /* Frameworks */,
				5F995DCD1F9286D700F8E459 /* Resources */,
				7A9585505FD8AA87BEB87900 /* [CP] Embed Pods Frameworks */,
				6DD37352FC8231340C1D9F1B /* [CP] Copy Pods Resources */,
			);
			buildRules = (
			);
			dependencies = (
			);
			name = ColonelFund;
			productName = ColonelFund;
			productReference = 5F995DCF1F9286D700F8E459 /* ColonelFund.app */;
			productType = "com.apple.product-type.application";
		};
		5F995DE51F9286D700F8E459 /* ColonelFundTests */ = {
			isa = PBXNativeTarget;
			buildConfigurationList = 5F995DFD1F9286D700F8E459 /* Build configuration list for PBXNativeTarget "ColonelFundTests" */;
			buildPhases = (
				A7AD0A486FD9450DA7FB0022 /* [CP] Check Pods Manifest.lock */,
				5F995DE21F9286D700F8E459 /* Sources */,
				5F995DE31F9286D700F8E459 /* Frameworks */,
				5F995DE41F9286D700F8E459 /* Resources */,
				28B59586188E0246C4B3610F /* [CP] Embed Pods Frameworks */,
				0457031731C3B9849FBC4AC4 /* [CP] Copy Pods Resources */,
			);
			buildRules = (
			);
			dependencies = (
				5F995DE81F9286D700F8E459 /* PBXTargetDependency */,
			);
			name = ColonelFundTests;
			productName = ColonelFundTests;
			productReference = 5F995DE61F9286D700F8E459 /* ColonelFundTests.xctest */;
			productType = "com.apple.product-type.bundle.unit-test";
		};
		5F995DF01F9286D700F8E459 /* ColonelFundUITests */ = {
			isa = PBXNativeTarget;
			buildConfigurationList = 5F995E001F9286D700F8E459 /* Build configuration list for PBXNativeTarget "ColonelFundUITests" */;
			buildPhases = (
				CC24EB41E9456EF39AFEA31B /* [CP] Check Pods Manifest.lock */,
				5F995DED1F9286D700F8E459 /* Sources */,
				5F995DEE1F9286D700F8E459 /* Frameworks */,
				5F995DEF1F9286D700F8E459 /* Resources */,
				7C7BDBF699DB64D1A1010D7D /* [CP] Embed Pods Frameworks */,
				F514C79D2847E72522D03E93 /* [CP] Copy Pods Resources */,
			);
			buildRules = (
			);
			dependencies = (
				5F995DF31F9286D700F8E459 /* PBXTargetDependency */,
			);
			name = ColonelFundUITests;
			productName = ColonelFundUITests;
			productReference = 5F995DF11F9286D700F8E459 /* ColonelFundUITests.xctest */;
			productType = "com.apple.product-type.bundle.ui-testing";
		};
/* End PBXNativeTarget section */

/* Begin PBXProject section */
		5F995DC71F9286D700F8E459 /* Project object */ = {
			isa = PBXProject;
			attributes = {
				LastSwiftUpdateCheck = 0900;
				LastUpgradeCheck = 0900;
				ORGANIZATIONNAME = PennerTech;
				TargetAttributes = {
					5F995DCE1F9286D700F8E459 = {
						CreatedOnToolsVersion = 9.0;
						ProvisioningStyle = Automatic;
						SystemCapabilities = {
							com.apple.Keychain = {
								enabled = 1;
							};
						};
					};
					5F995DE51F9286D700F8E459 = {
						CreatedOnToolsVersion = 9.0;
						ProvisioningStyle = Automatic;
						TestTargetID = 5F995DCE1F9286D700F8E459;
					};
					5F995DF01F9286D700F8E459 = {
						CreatedOnToolsVersion = 9.0;
						ProvisioningStyle = Automatic;
						TestTargetID = 5F995DCE1F9286D700F8E459;
					};
				};
			};
			buildConfigurationList = 5F995DCA1F9286D700F8E459 /* Build configuration list for PBXProject "ColonelFund" */;
			compatibilityVersion = "Xcode 8.0";
			developmentRegion = en;
			hasScannedForEncodings = 0;
			knownRegions = (
				en,
				Base,
			);
			mainGroup = 5F995DC61F9286D700F8E459;
			productRefGroup = 5F995DD01F9286D700F8E459 /* Products */;
			projectDirPath = "";
			projectRoot = "";
			targets = (
				5F995DCE1F9286D700F8E459 /* ColonelFund */,
				5F995DE51F9286D700F8E459 /* ColonelFundTests */,
				5F995DF01F9286D700F8E459 /* ColonelFundUITests */,
			);
		};
/* End PBXProject section */

/* Begin PBXResourcesBuildPhase section */
		5F995DCD1F9286D700F8E459 /* Resources */ = {
			isa = PBXResourcesBuildPhase;
			buildActionMask = 2147483647;
			files = (
				5F995DE01F9286D700F8E459 /* LaunchScreen.storyboard in Resources */,
				5F995DDD1F9286D700F8E459 /* Assets.xcassets in Resources */,
				5F995DD81F9286D700F8E459 /* Main.storyboard in Resources */,
			);
			runOnlyForDeploymentPostprocessing = 0;
		};
		5F995DE41F9286D700F8E459 /* Resources */ = {
			isa = PBXResourcesBuildPhase;
			buildActionMask = 2147483647;
			files = (
			);
			runOnlyForDeploymentPostprocessing = 0;
		};
		5F995DEF1F9286D700F8E459 /* Resources */ = {
			isa = PBXResourcesBuildPhase;
			buildActionMask = 2147483647;
			files = (
			);
			runOnlyForDeploymentPostprocessing = 0;
		};
/* End PBXResourcesBuildPhase section */

/* Begin PBXShellScriptBuildPhase section */
		0457031731C3B9849FBC4AC4 /* [CP] Copy Pods Resources */ = {
			isa = PBXShellScriptBuildPhase;
			buildActionMask = 2147483647;
			files = (
			);
			inputPaths = (
			);
			name = "[CP] Copy Pods Resources";
			outputPaths = (
			);
			runOnlyForDeploymentPostprocessing = 0;
			shellPath = /bin/sh;
			shellScript = "\"${SRCROOT}/Pods/Target Support Files/Pods-ColonelFundTests/Pods-ColonelFundTests-resources.sh\"\n";
			showEnvVarsInLog = 0;
		};
		1E2103E7244D7F4C7F9A10DB /* [CP] Check Pods Manifest.lock */ = {
			isa = PBXShellScriptBuildPhase;
			buildActionMask = 2147483647;
			files = (
			);
			inputPaths = (
				"${PODS_PODFILE_DIR_PATH}/Podfile.lock",
				"${PODS_ROOT}/Manifest.lock",
			);
			name = "[CP] Check Pods Manifest.lock";
			outputPaths = (
				"$(DERIVED_FILE_DIR)/Pods-ColonelFund-checkManifestLockResult.txt",
			);
			runOnlyForDeploymentPostprocessing = 0;
			shellPath = /bin/sh;
			shellScript = "diff \"${PODS_PODFILE_DIR_PATH}/Podfile.lock\" \"${PODS_ROOT}/Manifest.lock\" > /dev/null\nif [ $? != 0 ] ; then\n    # print error to STDERR\n    echo \"error: The sandbox is not in sync with the Podfile.lock. Run 'pod install' or update your CocoaPods installation.\" >&2\n    exit 1\nfi\n# This output is used by Xcode 'outputs' to avoid re-running this script phase.\necho \"SUCCESS\" > \"${SCRIPT_OUTPUT_FILE_0}\"\n";
			showEnvVarsInLog = 0;
		};
		28B59586188E0246C4B3610F /* [CP] Embed Pods Frameworks */ = {
			isa = PBXShellScriptBuildPhase;
			buildActionMask = 2147483647;
			files = (
			);
			inputPaths = (
			);
			name = "[CP] Embed Pods Frameworks";
			outputPaths = (
			);
			runOnlyForDeploymentPostprocessing = 0;
			shellPath = /bin/sh;
			shellScript = "\"${SRCROOT}/Pods/Target Support Files/Pods-ColonelFundTests/Pods-ColonelFundTests-frameworks.sh\"\n";
			showEnvVarsInLog = 0;
		};
		6DD37352FC8231340C1D9F1B /* [CP] Copy Pods Resources */ = {
			isa = PBXShellScriptBuildPhase;
			buildActionMask = 2147483647;
			files = (
			);
			inputPaths = (
				"${SRCROOT}/Pods/Target Support Files/Pods-ColonelFund/Pods-ColonelFund-resources.sh",
				"${PODS_ROOT}/GoogleSignIn/Resources/GoogleSignIn.bundle",
			);
			name = "[CP] Copy Pods Resources";
			outputPaths = (
				"${TARGET_BUILD_DIR}/${UNLOCALIZED_RESOURCES_FOLDER_PATH}",
			);
			runOnlyForDeploymentPostprocessing = 0;
			shellPath = /bin/sh;
			shellScript = "\"${SRCROOT}/Pods/Target Support Files/Pods-ColonelFund/Pods-ColonelFund-resources.sh\"\n";
			showEnvVarsInLog = 0;
		};
		7A9585505FD8AA87BEB87900 /* [CP] Embed Pods Frameworks */ = {
			isa = PBXShellScriptBuildPhase;
			buildActionMask = 2147483647;
			files = (
			);
			inputPaths = (
				"${SRCROOT}/Pods/Target Support Files/Pods-ColonelFund/Pods-ColonelFund-frameworks.sh",
				"${BUILT_PRODUCTS_DIR}/Bolts/Bolts.framework",
				"${BUILT_PRODUCTS_DIR}/FBSDKCoreKit/FBSDKCoreKit.framework",
				"${BUILT_PRODUCTS_DIR}/FBSDKLoginKit/FBSDKLoginKit.framework",
				"${BUILT_PRODUCTS_DIR}/FBSDKShareKit/FBSDKShareKit.framework",
				"${BUILT_PRODUCTS_DIR}/FacebookCore/FacebookCore.framework",
				"${BUILT_PRODUCTS_DIR}/FacebookLogin/FacebookLogin.framework",
				"${BUILT_PRODUCTS_DIR}/FacebookShare/FacebookShare.framework",
				"${BUILT_PRODUCTS_DIR}/GTMOAuth2/GTMOAuth2.framework",
				"${BUILT_PRODUCTS_DIR}/GTMSessionFetcher/GTMSessionFetcher.framework",
				"${BUILT_PRODUCTS_DIR}/GoogleToolboxForMac/GoogleToolboxForMac.framework",
			);
			name = "[CP] Embed Pods Frameworks";
			outputPaths = (
				"${TARGET_BUILD_DIR}/${FRAMEWORKS_FOLDER_PATH}/Bolts.framework",
				"${TARGET_BUILD_DIR}/${FRAMEWORKS_FOLDER_PATH}/FBSDKCoreKit.framework",
				"${TARGET_BUILD_DIR}/${FRAMEWORKS_FOLDER_PATH}/FBSDKLoginKit.framework",
				"${TARGET_BUILD_DIR}/${FRAMEWORKS_FOLDER_PATH}/FBSDKShareKit.framework",
				"${TARGET_BUILD_DIR}/${FRAMEWORKS_FOLDER_PATH}/FacebookCore.framework",
				"${TARGET_BUILD_DIR}/${FRAMEWORKS_FOLDER_PATH}/FacebookLogin.framework",
				"${TARGET_BUILD_DIR}/${FRAMEWORKS_FOLDER_PATH}/FacebookShare.framework",
				"${TARGET_BUILD_DIR}/${FRAMEWORKS_FOLDER_PATH}/GTMOAuth2.framework",
				"${TARGET_BUILD_DIR}/${FRAMEWORKS_FOLDER_PATH}/GTMSessionFetcher.framework",
				"${TARGET_BUILD_DIR}/${FRAMEWORKS_FOLDER_PATH}/GoogleToolboxForMac.framework",
			);
			runOnlyForDeploymentPostprocessing = 0;
			shellPath = /bin/sh;
			shellScript = "\"${SRCROOT}/Pods/Target Support Files/Pods-ColonelFund/Pods-ColonelFund-frameworks.sh\"\n";
			showEnvVarsInLog = 0;
		};
		7C7BDBF699DB64D1A1010D7D /* [CP] Embed Pods Frameworks */ = {
			isa = PBXShellScriptBuildPhase;
			buildActionMask = 2147483647;
			files = (
			);
			inputPaths = (
			);
			name = "[CP] Embed Pods Frameworks";
			outputPaths = (
			);
			runOnlyForDeploymentPostprocessing = 0;
			shellPath = /bin/sh;
			shellScript = "\"${SRCROOT}/Pods/Target Support Files/Pods-ColonelFundUITests/Pods-ColonelFundUITests-frameworks.sh\"\n";
			showEnvVarsInLog = 0;
		};
		A7AD0A486FD9450DA7FB0022 /* [CP] Check Pods Manifest.lock */ = {
			isa = PBXShellScriptBuildPhase;
			buildActionMask = 2147483647;
			files = (
			);
			inputPaths = (
				"${PODS_PODFILE_DIR_PATH}/Podfile.lock",
				"${PODS_ROOT}/Manifest.lock",
			);
			name = "[CP] Check Pods Manifest.lock";
			outputPaths = (
				"$(DERIVED_FILE_DIR)/Pods-ColonelFundTests-checkManifestLockResult.txt",
			);
			runOnlyForDeploymentPostprocessing = 0;
			shellPath = /bin/sh;
			shellScript = "diff \"${PODS_PODFILE_DIR_PATH}/Podfile.lock\" \"${PODS_ROOT}/Manifest.lock\" > /dev/null\nif [ $? != 0 ] ; then\n    # print error to STDERR\n    echo \"error: The sandbox is not in sync with the Podfile.lock. Run 'pod install' or update your CocoaPods installation.\" >&2\n    exit 1\nfi\n# This output is used by Xcode 'outputs' to avoid re-running this script phase.\necho \"SUCCESS\" > \"${SCRIPT_OUTPUT_FILE_0}\"\n";
			showEnvVarsInLog = 0;
		};
		CC24EB41E9456EF39AFEA31B /* [CP] Check Pods Manifest.lock */ = {
			isa = PBXShellScriptBuildPhase;
			buildActionMask = 2147483647;
			files = (
			);
			inputPaths = (
				"${PODS_PODFILE_DIR_PATH}/Podfile.lock",
				"${PODS_ROOT}/Manifest.lock",
			);
			name = "[CP] Check Pods Manifest.lock";
			outputPaths = (
				"$(DERIVED_FILE_DIR)/Pods-ColonelFundUITests-checkManifestLockResult.txt",
			);
			runOnlyForDeploymentPostprocessing = 0;
			shellPath = /bin/sh;
			shellScript = "diff \"${PODS_PODFILE_DIR_PATH}/Podfile.lock\" \"${PODS_ROOT}/Manifest.lock\" > /dev/null\nif [ $? != 0 ] ; then\n    # print error to STDERR\n    echo \"error: The sandbox is not in sync with the Podfile.lock. Run 'pod install' or update your CocoaPods installation.\" >&2\n    exit 1\nfi\n# This output is used by Xcode 'outputs' to avoid re-running this script phase.\necho \"SUCCESS\" > \"${SCRIPT_OUTPUT_FILE_0}\"\n";
			showEnvVarsInLog = 0;
		};
		F514C79D2847E72522D03E93 /* [CP] Copy Pods Resources */ = {
			isa = PBXShellScriptBuildPhase;
			buildActionMask = 2147483647;
			files = (
			);
			inputPaths = (
			);
			name = "[CP] Copy Pods Resources";
			outputPaths = (
			);
			runOnlyForDeploymentPostprocessing = 0;
			shellPath = /bin/sh;
			shellScript = "\"${SRCROOT}/Pods/Target Support Files/Pods-ColonelFundUITests/Pods-ColonelFundUITests-resources.sh\"\n";
			showEnvVarsInLog = 0;
		};
/* End PBXShellScriptBuildPhase section */

/* Begin PBXSourcesBuildPhase section */
		5F995DCB1F9286D700F8E459 /* Sources */ = {
			isa = PBXSourcesBuildPhase;
			buildActionMask = 2147483647;
			files = (
				5F995DD51F9286D700F8E459 /* MainViewController.swift in Sources */,
				5F5779E71FB01805000667FC /* ViewMemberViewController.swift in Sources */,
				5F8717FE1FC5EB8E0091B13A /* AssociatedEventsTableViewCell.swift in Sources */,
				5F0713A91FAFD23C00AA623A /* MemberListTableViewController.swift in Sources */,
				5F5779D91FAFE6CB000667FC /* DonateToMemberViewController.swift in Sources */,
				5F5779E51FB017D3000667FC /* EventListTableViewCell.swift in Sources */,
				5F5779E91FB01BDD000667FC /* DonateToEventViewController.swift in Sources */,
				5F995DD31F9286D700F8E459 /* AppDelegate.swift in Sources */,
				5F5779E31FB017A2000667FC /* EventListTableViewController.swift in Sources */,
				5F0713AB1FAFD2F200AA623A /* MemberListTableViewCell.swift in Sources */,
				5F5779DF1FB00F17000667FC /* ViewEventViewController.swift in Sources */,
				5F995DDB1F9286D700F8E459 /* ColonelFund.xcdatamodeld in Sources */,
				5F8717FC1FC547C60091B13A /* LoginViewController.swift in Sources */,
				5F5779EB1FB02AC7000667FC /* CreateEventViewController.swift in Sources */,
			);
			runOnlyForDeploymentPostprocessing = 0;
		};
		5F995DE21F9286D700F8E459 /* Sources */ = {
			isa = PBXSourcesBuildPhase;
			buildActionMask = 2147483647;
			files = (
				5F995DEB1F9286D700F8E459 /* ColonelFundTests.swift in Sources */,
			);
			runOnlyForDeploymentPostprocessing = 0;
		};
		5F995DED1F9286D700F8E459 /* Sources */ = {
			isa = PBXSourcesBuildPhase;
			buildActionMask = 2147483647;
			files = (
				5F995DF61F9286D700F8E459 /* ColonelFundUITests.swift in Sources */,
			);
			runOnlyForDeploymentPostprocessing = 0;
		};
/* End PBXSourcesBuildPhase section */

/* Begin PBXTargetDependency section */
		5F995DE81F9286D700F8E459 /* PBXTargetDependency */ = {
			isa = PBXTargetDependency;
			target = 5F995DCE1F9286D700F8E459 /* ColonelFund */;
			targetProxy = 5F995DE71F9286D700F8E459 /* PBXContainerItemProxy */;
		};
		5F995DF31F9286D700F8E459 /* PBXTargetDependency */ = {
			isa = PBXTargetDependency;
			target = 5F995DCE1F9286D700F8E459 /* ColonelFund */;
			targetProxy = 5F995DF21F9286D700F8E459 /* PBXContainerItemProxy */;
		};
/* End PBXTargetDependency section */

/* Begin PBXVariantGroup section */
		5F995DD61F9286D700F8E459 /* Main.storyboard */ = {
			isa = PBXVariantGroup;
			children = (
				5F995DD71F9286D700F8E459 /* Base */,
			);
			name = Main.storyboard;
			sourceTree = "<group>";
		};
		5F995DDE1F9286D700F8E459 /* LaunchScreen.storyboard */ = {
			isa = PBXVariantGroup;
			children = (
				5F995DDF1F9286D700F8E459 /* Base */,
			);
			name = LaunchScreen.storyboard;
			sourceTree = "<group>";
		};
/* End PBXVariantGroup section */

/* Begin XCBuildConfiguration section */
		5F995DF81F9286D700F8E459 /* Debug */ = {
			isa = XCBuildConfiguration;
			buildSettings = {
				ALWAYS_SEARCH_USER_PATHS = NO;
				CLANG_ANALYZER_NONNULL = YES;
				CLANG_ANALYZER_NUMBER_OBJECT_CONVERSION = YES_AGGRESSIVE;
				CLANG_CXX_LANGUAGE_STANDARD = "gnu++14";
				CLANG_CXX_LIBRARY = "libc++";
				CLANG_ENABLE_MODULES = YES;
				CLANG_ENABLE_OBJC_ARC = YES;
				CLANG_WARN_BLOCK_CAPTURE_AUTORELEASING = YES;
				CLANG_WARN_BOOL_CONVERSION = YES;
				CLANG_WARN_COMMA = YES;
				CLANG_WARN_CONSTANT_CONVERSION = YES;
				CLANG_WARN_DIRECT_OBJC_ISA_USAGE = YES_ERROR;
				CLANG_WARN_DOCUMENTATION_COMMENTS = YES;
				CLANG_WARN_EMPTY_BODY = YES;
				CLANG_WARN_ENUM_CONVERSION = YES;
				CLANG_WARN_INFINITE_RECURSION = YES;
				CLANG_WARN_INT_CONVERSION = YES;
				CLANG_WARN_NON_LITERAL_NULL_CONVERSION = YES;
				CLANG_WARN_OBJC_LITERAL_CONVERSION = YES;
				CLANG_WARN_OBJC_ROOT_CLASS = YES_ERROR;
				CLANG_WARN_RANGE_LOOP_ANALYSIS = YES;
				CLANG_WARN_STRICT_PROTOTYPES = YES;
				CLANG_WARN_SUSPICIOUS_MOVE = YES;
				CLANG_WARN_UNGUARDED_AVAILABILITY = YES_AGGRESSIVE;
				CLANG_WARN_UNREACHABLE_CODE = YES;
				CLANG_WARN__DUPLICATE_METHOD_MATCH = YES;
				CODE_SIGN_IDENTITY = "iPhone Developer";
				COPY_PHASE_STRIP = NO;
				DEBUG_INFORMATION_FORMAT = dwarf;
				ENABLE_STRICT_OBJC_MSGSEND = YES;
				ENABLE_TESTABILITY = YES;
				GCC_C_LANGUAGE_STANDARD = gnu11;
				GCC_DYNAMIC_NO_PIC = NO;
				GCC_NO_COMMON_BLOCKS = YES;
				GCC_OPTIMIZATION_LEVEL = 0;
				GCC_PREPROCESSOR_DEFINITIONS = (
					"DEBUG=1",
					"$(inherited)",
				);
				GCC_WARN_64_TO_32_BIT_CONVERSION = YES;
				GCC_WARN_ABOUT_RETURN_TYPE = YES_ERROR;
				GCC_WARN_UNDECLARED_SELECTOR = YES;
				GCC_WARN_UNINITIALIZED_AUTOS = YES_AGGRESSIVE;
				GCC_WARN_UNUSED_FUNCTION = YES;
				GCC_WARN_UNUSED_VARIABLE = YES;
				IPHONEOS_DEPLOYMENT_TARGET = 11.0;
				MTL_ENABLE_DEBUG_INFO = YES;
				ONLY_ACTIVE_ARCH = YES;
				SDKROOT = iphoneos;
				SWIFT_ACTIVE_COMPILATION_CONDITIONS = DEBUG;
				SWIFT_OPTIMIZATION_LEVEL = "-Onone";
			};
			name = Debug;
		};
		5F995DF91F9286D700F8E459 /* Release */ = {
			isa = XCBuildConfiguration;
			buildSettings = {
				ALWAYS_SEARCH_USER_PATHS = NO;
				CLANG_ANALYZER_NONNULL = YES;
				CLANG_ANALYZER_NUMBER_OBJECT_CONVERSION = YES_AGGRESSIVE;
				CLANG_CXX_LANGUAGE_STANDARD = "gnu++14";
				CLANG_CXX_LIBRARY = "libc++";
				CLANG_ENABLE_MODULES = YES;
				CLANG_ENABLE_OBJC_ARC = YES;
				CLANG_WARN_BLOCK_CAPTURE_AUTORELEASING = YES;
				CLANG_WARN_BOOL_CONVERSION = YES;
				CLANG_WARN_COMMA = YES;
				CLANG_WARN_CONSTANT_CONVERSION = YES;
				CLANG_WARN_DIRECT_OBJC_ISA_USAGE = YES_ERROR;
				CLANG_WARN_DOCUMENTATION_COMMENTS = YES;
				CLANG_WARN_EMPTY_BODY = YES;
				CLANG_WARN_ENUM_CONVERSION = YES;
				CLANG_WARN_INFINITE_RECURSION = YES;
				CLANG_WARN_INT_CONVERSION = YES;
				CLANG_WARN_NON_LITERAL_NULL_CONVERSION = YES;
				CLANG_WARN_OBJC_LITERAL_CONVERSION = YES;
				CLANG_WARN_OBJC_ROOT_CLASS = YES_ERROR;
				CLANG_WARN_RANGE_LOOP_ANALYSIS = YES;
				CLANG_WARN_STRICT_PROTOTYPES = YES;
				CLANG_WARN_SUSPICIOUS_MOVE = YES;
				CLANG_WARN_UNGUARDED_AVAILABILITY = YES_AGGRESSIVE;
				CLANG_WARN_UNREACHABLE_CODE = YES;
				CLANG_WARN__DUPLICATE_METHOD_MATCH = YES;
				CODE_SIGN_IDENTITY = "iPhone Developer";
				COPY_PHASE_STRIP = NO;
				DEBUG_INFORMATION_FORMAT = "dwarf-with-dsym";
				ENABLE_NS_ASSERTIONS = NO;
				ENABLE_STRICT_OBJC_MSGSEND = YES;
				GCC_C_LANGUAGE_STANDARD = gnu11;
				GCC_NO_COMMON_BLOCKS = YES;
				GCC_WARN_64_TO_32_BIT_CONVERSION = YES;
				GCC_WARN_ABOUT_RETURN_TYPE = YES_ERROR;
				GCC_WARN_UNDECLARED_SELECTOR = YES;
				GCC_WARN_UNINITIALIZED_AUTOS = YES_AGGRESSIVE;
				GCC_WARN_UNUSED_FUNCTION = YES;
				GCC_WARN_UNUSED_VARIABLE = YES;
				IPHONEOS_DEPLOYMENT_TARGET = 11.0;
				MTL_ENABLE_DEBUG_INFO = NO;
				SDKROOT = iphoneos;
				SWIFT_OPTIMIZATION_LEVEL = "-Owholemodule";
				VALIDATE_PRODUCT = YES;
			};
			name = Release;
		};
		5F995DFB1F9286D700F8E459 /* Debug */ = {
			isa = XCBuildConfiguration;
			baseConfigurationReference = 77A564E0EE15CBDF1E1B18F8 /* Pods-ColonelFund.debug.xcconfig */;
			buildSettings = {
				ASSETCATALOG_COMPILER_APPICON_NAME = AppIcon;
				CODE_SIGN_STYLE = Automatic;
				DEVELOPMENT_TEAM = F29UMC73E8;
				FRAMEWORK_SEARCH_PATHS = (
					"$(inherited)",
					"$(PROJECT_DIR)",
				);
				INFOPLIST_FILE = ColonelFund/Info.plist;
				LD_RUNPATH_SEARCH_PATHS = "$(inherited) @executable_path/Frameworks";
				PRODUCT_BUNDLE_IDENTIFIER = com.ColonelFund.ColonelFund;
				PRODUCT_NAME = "$(TARGET_NAME)";
				SWIFT_VERSION = 4.0;
				TARGETED_DEVICE_FAMILY = "1,2";
			};
			name = Debug;
		};
		5F995DFC1F9286D700F8E459 /* Release */ = {
			isa = XCBuildConfiguration;
			baseConfigurationReference = AEB4BE9924040FBFE0A6C09C /* Pods-ColonelFund.release.xcconfig */;
			buildSettings = {
				ASSETCATALOG_COMPILER_APPICON_NAME = AppIcon;
				CODE_SIGN_STYLE = Automatic;
				DEVELOPMENT_TEAM = F29UMC73E8;
				FRAMEWORK_SEARCH_PATHS = (
					"$(inherited)",
					"$(PROJECT_DIR)",
				);
				INFOPLIST_FILE = ColonelFund/Info.plist;
				LD_RUNPATH_SEARCH_PATHS = "$(inherited) @executable_path/Frameworks";
				PRODUCT_BUNDLE_IDENTIFIER = com.ColonelFund.ColonelFund;
				PRODUCT_NAME = "$(TARGET_NAME)";
				SWIFT_VERSION = 4.0;
				TARGETED_DEVICE_FAMILY = "1,2";
			};
			name = Release;
		};
		5F995DFE1F9286D700F8E459 /* Debug */ = {
			isa = XCBuildConfiguration;
			baseConfigurationReference = 8C9EF058DEDAC50DBE03846D /* Pods-ColonelFundTests.debug.xcconfig */;
			buildSettings = {
				ALWAYS_EMBED_SWIFT_STANDARD_LIBRARIES = YES;
				BUNDLE_LOADER = "$(TEST_HOST)";
				CODE_SIGN_STYLE = Automatic;
				DEVELOPMENT_TEAM = F29UMC73E8;
				INFOPLIST_FILE = ColonelFundTests/Info.plist;
				LD_RUNPATH_SEARCH_PATHS = "$(inherited) @executable_path/Frameworks @loader_path/Frameworks";
				PRODUCT_BUNDLE_IDENTIFIER = com.pennertech.ColonelFundTests;
				PRODUCT_NAME = "$(TARGET_NAME)";
				SWIFT_VERSION = 4.0;
				TARGETED_DEVICE_FAMILY = "1,2";
				TEST_HOST = "$(BUILT_PRODUCTS_DIR)/ColonelFund.app/ColonelFund";
			};
			name = Debug;
		};
		5F995DFF1F9286D700F8E459 /* Release */ = {
			isa = XCBuildConfiguration;
			baseConfigurationReference = 7D0820BB8FAA413B443E057D /* Pods-ColonelFundTests.release.xcconfig */;
			buildSettings = {
				ALWAYS_EMBED_SWIFT_STANDARD_LIBRARIES = YES;
				BUNDLE_LOADER = "$(TEST_HOST)";
				CODE_SIGN_STYLE = Automatic;
				DEVELOPMENT_TEAM = F29UMC73E8;
				INFOPLIST_FILE = ColonelFundTests/Info.plist;
				LD_RUNPATH_SEARCH_PATHS = "$(inherited) @executable_path/Frameworks @loader_path/Frameworks";
				PRODUCT_BUNDLE_IDENTIFIER = com.pennertech.ColonelFundTests;
				PRODUCT_NAME = "$(TARGET_NAME)";
				SWIFT_VERSION = 4.0;
				TARGETED_DEVICE_FAMILY = "1,2";
				TEST_HOST = "$(BUILT_PRODUCTS_DIR)/ColonelFund.app/ColonelFund";
			};
			name = Release;
		};
		5F995E011F9286D700F8E459 /* Debug */ = {
			isa = XCBuildConfiguration;
			baseConfigurationReference = 022A8ABB9E807A48185D4214 /* Pods-ColonelFundUITests.debug.xcconfig */;
			buildSettings = {
				ALWAYS_EMBED_SWIFT_STANDARD_LIBRARIES = YES;
				CODE_SIGN_STYLE = Automatic;
				DEVELOPMENT_TEAM = F29UMC73E8;
				INFOPLIST_FILE = ColonelFundUITests/Info.plist;
				LD_RUNPATH_SEARCH_PATHS = "$(inherited) @executable_path/Frameworks @loader_path/Frameworks";
				PRODUCT_BUNDLE_IDENTIFIER = com.pennertech.ColonelFundUITests;
				PRODUCT_NAME = "$(TARGET_NAME)";
				SWIFT_VERSION = 4.0;
				TARGETED_DEVICE_FAMILY = "1,2";
				TEST_TARGET_NAME = ColonelFund;
			};
			name = Debug;
		};
		5F995E021F9286D700F8E459 /* Release */ = {
			isa = XCBuildConfiguration;
			baseConfigurationReference = EEC16D6D6C48179A491E2E79 /* Pods-ColonelFundUITests.release.xcconfig */;
			buildSettings = {
				ALWAYS_EMBED_SWIFT_STANDARD_LIBRARIES = YES;
				CODE_SIGN_STYLE = Automatic;
				DEVELOPMENT_TEAM = F29UMC73E8;
				INFOPLIST_FILE = ColonelFundUITests/Info.plist;
				LD_RUNPATH_SEARCH_PATHS = "$(inherited) @executable_path/Frameworks @loader_path/Frameworks";
				PRODUCT_BUNDLE_IDENTIFIER = com.pennertech.ColonelFundUITests;
				PRODUCT_NAME = "$(TARGET_NAME)";
				SWIFT_VERSION = 4.0;
				TARGETED_DEVICE_FAMILY = "1,2";
				TEST_TARGET_NAME = ColonelFund;
			};
			name = Release;
		};
/* End XCBuildConfiguration section */

/* Begin XCConfigurationList section */
		5F995DCA1F9286D700F8E459 /* Build configuration list for PBXProject "ColonelFund" */ = {
			isa = XCConfigurationList;
			buildConfigurations = (
				5F995DF81F9286D700F8E459 /* Debug */,
				5F995DF91F9286D700F8E459 /* Release */,
			);
			defaultConfigurationIsVisible = 0;
			defaultConfigurationName = Release;
		};
		5F995DFA1F9286D700F8E459 /* Build configuration list for PBXNativeTarget "ColonelFund" */ = {
			isa = XCConfigurationList;
			buildConfigurations = (
				5F995DFB1F9286D700F8E459 /* Debug */,
				5F995DFC1F9286D700F8E459 /* Release */,
			);
			defaultConfigurationIsVisible = 0;
			defaultConfigurationName = Release;
		};
		5F995DFD1F9286D700F8E459 /* Build configuration list for PBXNativeTarget "ColonelFundTests" */ = {
			isa = XCConfigurationList;
			buildConfigurations = (
				5F995DFE1F9286D700F8E459 /* Debug */,
				5F995DFF1F9286D700F8E459 /* Release */,
			);
			defaultConfigurationIsVisible = 0;
			defaultConfigurationName = Release;
		};
		5F995E001F9286D700F8E459 /* Build configuration list for PBXNativeTarget "ColonelFundUITests" */ = {
			isa = XCConfigurationList;
			buildConfigurations = (
				5F995E011F9286D700F8E459 /* Debug */,
				5F995E021F9286D700F8E459 /* Release */,
			);
			defaultConfigurationIsVisible = 0;
			defaultConfigurationName = Release;
		};
/* End XCConfigurationList section */

/* Begin XCVersionGroup section */
		5F995DD91F9286D700F8E459 /* ColonelFund.xcdatamodeld */ = {
			isa = XCVersionGroup;
			children = (
				5F995DDA1F9286D700F8E459 /* ColonelFund.xcdatamodel */,
			);
			currentVersion = 5F995DDA1F9286D700F8E459 /* ColonelFund.xcdatamodel */;
			path = ColonelFund.xcdatamodeld;
			sourceTree = "<group>";
			versionGroupType = wrapper.xcdatamodel;
		};
/* End XCVersionGroup section */
	};
	rootObject = 5F995DC71F9286D700F8E459 /* Project object */;
}
