// !$*UTF8*$!
{
	archiveVersion = 1;
	classes = {
	};
	objectVersion = 48;
	objects = {

/* Begin PBXBuildFile section */
		3C2D43899BE6FA902C21FB7C /* Pods_ColonelFundUITests.framework in Frameworks */ = {isa = PBXBuildFile; fileRef = 0A912BFC2E0A98E53E6BF197 /* Pods_ColonelFundUITests.framework */; };
		5F0713A91FAFD23C00AA623A /* MemberListTableViewController.swift in Sources */ = {isa = PBXBuildFile; fileRef = 5F0713A81FAFD23C00AA623A /* MemberListTableViewController.swift */; };
		5F0713AB1FAFD2F200AA623A /* MemberListTableViewCell.swift in Sources */ = {isa = PBXBuildFile; fileRef = 5F0713AA1FAFD2F200AA623A /* MemberListTableViewCell.swift */; };
		5F318C1120116E040080B62E /* TransactionSummaryViewController.swift in Sources */ = {isa = PBXBuildFile; fileRef = 5F318C1020116E040080B62E /* TransactionSummaryViewController.swift */; };
		5F373EC81FC60A4F005B2BD1 /* FBSDKCoreKit.framework in Frameworks */ = {isa = PBXBuildFile; fileRef = 5F8718081FC5F9FD0091B13A /* FBSDKCoreKit.framework */; };
		5F373ECA1FC60A4F005B2BD1 /* FBSDKLoginKit.framework in Frameworks */ = {isa = PBXBuildFile; fileRef = 5F87180A1FC5F9FE0091B13A /* FBSDKLoginKit.framework */; };
		5F373ECC1FC60A4F005B2BD1 /* FBSDKShareKit.framework in Frameworks */ = {isa = PBXBuildFile; fileRef = 5F8718071FC5F9FD0091B13A /* FBSDKShareKit.framework */; };
		5F54767020211D4000C91A2B /* Member.swift in Sources */ = {isa = PBXBuildFile; fileRef = 5F54766F20211D4000C91A2B /* Member.swift */; };
		5F54767220211D4E00C91A2B /* Event.swift in Sources */ = {isa = PBXBuildFile; fileRef = 5F54767120211D4E00C91A2B /* Event.swift */; };
		5F54767B20224F9E00C91A2B /* MemberCollection.swift in Sources */ = {isa = PBXBuildFile; fileRef = 5F54767A20224F9E00C91A2B /* MemberCollection.swift */; };
		5F54767F2022571E00C91A2B /* events.json in Resources */ = {isa = PBXBuildFile; fileRef = 5F54767D2022571E00C91A2B /* events.json */; };
		5F5476802022571E00C91A2B /* members.json in Resources */ = {isa = PBXBuildFile; fileRef = 5F54767E2022571E00C91A2B /* members.json */; };
		5F547682202287D900C91A2B /* EventCollection.swift in Sources */ = {isa = PBXBuildFile; fileRef = 5F547681202287D900C91A2B /* EventCollection.swift */; };
		5F5779D91FAFE6CB000667FC /* DonateToMemberViewController.swift in Sources */ = {isa = PBXBuildFile; fileRef = 5F5779D81FAFE6CB000667FC /* DonateToMemberViewController.swift */; };
		5F5779DF1FB00F17000667FC /* ViewEventViewController.swift in Sources */ = {isa = PBXBuildFile; fileRef = 5F5779DE1FB00F17000667FC /* ViewEventViewController.swift */; };
		5F5779E31FB017A2000667FC /* EventListTableViewController.swift in Sources */ = {isa = PBXBuildFile; fileRef = 5F5779E21FB017A2000667FC /* EventListTableViewController.swift */; };
		5F5779E51FB017D3000667FC /* EventListTableViewCell.swift in Sources */ = {isa = PBXBuildFile; fileRef = 5F5779E41FB017D3000667FC /* EventListTableViewCell.swift */; };
		5F5779E71FB01805000667FC /* ViewMemberViewController.swift in Sources */ = {isa = PBXBuildFile; fileRef = 5F5779E61FB01805000667FC /* ViewMemberViewController.swift */; };
		5F5779E91FB01BDD000667FC /* DonateToEventViewController.swift in Sources */ = {isa = PBXBuildFile; fileRef = 5F5779E81FB01BDD000667FC /* DonateToEventViewController.swift */; };
		5F5779EB1FB02AC7000667FC /* CreateEventViewController.swift in Sources */ = {isa = PBXBuildFile; fileRef = 5F5779EA1FB02AC7000667FC /* CreateEventViewController.swift */; };
		5F5A49CF1FF70CA5006E211B /* FacebookLogin.framework in Frameworks */ = {isa = PBXBuildFile; fileRef = 5F5A49D01FF70CA5006E211B /* FacebookLogin.framework */; };
		5F5A49D11FF70CE8006E211B /* FacebookCore.framework in Frameworks */ = {isa = PBXBuildFile; fileRef = 5F5A49D21FF70CE8006E211B /* FacebookCore.framework */; };
		5F5A49D31FF70CED006E211B /* FacebookShare.framework in Frameworks */ = {isa = PBXBuildFile; fileRef = 5F5A49D41FF70CED006E211B /* FacebookShare.framework */; };
		5F5A49D81FFC1647006E211B /* BraintreeViewController.swift in Sources */ = {isa = PBXBuildFile; fileRef = 5F5A49D71FFC1647006E211B /* BraintreeViewController.swift */; };
		5F638A882022A71500A9CACA /* User.swift in Sources */ = {isa = PBXBuildFile; fileRef = 5F638A872022A71500A9CACA /* User.swift */; };
		5F8717FC1FC547C60091B13A /* LoginViewController.swift in Sources */ = {isa = PBXBuildFile; fileRef = 5F8717FB1FC547C60091B13A /* LoginViewController.swift */; };
		5F8717FE1FC5EB8E0091B13A /* AssociatedEventsTableViewCell.swift in Sources */ = {isa = PBXBuildFile; fileRef = 5F8717FD1FC5EB8E0091B13A /* AssociatedEventsTableViewCell.swift */; };
		5F87180B1FC5FA0A0091B13A /* Bolts.framework in Frameworks */ = {isa = PBXBuildFile; fileRef = 5F8718091FC5F9FD0091B13A /* Bolts.framework */; };
		5F995DD31F9286D700F8E459 /* AppDelegate.swift in Sources */ = {isa = PBXBuildFile; fileRef = 5F995DD21F9286D700F8E459 /* AppDelegate.swift */; };
		5F995DD51F9286D700F8E459 /* MainViewController.swift in Sources */ = {isa = PBXBuildFile; fileRef = 5F995DD41F9286D700F8E459 /* MainViewController.swift */; };
		5F995DD81F9286D700F8E459 /* Main.storyboard in Resources */ = {isa = PBXBuildFile; fileRef = 5F995DD61F9286D700F8E459 /* Main.storyboard */; };
		5F995DDB1F9286D700F8E459 /* ColonelFund.xcdatamodeld in Sources */ = {isa = PBXBuildFile; fileRef = 5F995DD91F9286D700F8E459 /* ColonelFund.xcdatamodeld */; };
		5F995DDD1F9286D700F8E459 /* Assets.xcassets in Resources */ = {isa = PBXBuildFile; fileRef = 5F995DDC1F9286D700F8E459 /* Assets.xcassets */; };
		5F995DE01F9286D700F8E459 /* LaunchScreen.storyboard in Resources */ = {isa = PBXBuildFile; fileRef = 5F995DDE1F9286D700F8E459 /* LaunchScreen.storyboard */; };
		5F995DEB1F9286D700F8E459 /* ColonelFundTests.swift in Sources */ = {isa = PBXBuildFile; fileRef = 5F995DEA1F9286D700F8E459 /* ColonelFundTests.swift */; };
		5F995DF61F9286D700F8E459 /* ColonelFundUITests.swift in Sources */ = {isa = PBXBuildFile; fileRef = 5F995DF51F9286D700F8E459 /* ColonelFundUITests.swift */; };
		5FB066D01FF7064F00FCF659 /* Braintree.framework in Frameworks */ = {isa = PBXBuildFile; fileRef = 5FB066D11FF7064F00FCF659 /* Braintree.framework */; };
		5FB066D21FF7065300FCF659 /* BraintreeDropIn.framework in Frameworks */ = {isa = PBXBuildFile; fileRef = 5FB066D31FF7065300FCF659 /* BraintreeDropIn.framework */; };
		DAFE769E0EABF81414A3D1B4 /* Pods_ColonelFund.framework in Frameworks */ = {isa = PBXBuildFile; fileRef = 31B3F85F0CD37838ACE633B6 /* Pods_ColonelFund.framework */; };
		FBD42D9F42E7DF6A273C7D38 /* Pods_ColonelFundTests.framework in Frameworks */ = {isa = PBXBuildFile; fileRef = 9F6BE0B8B54E0CB317F88435 /* Pods_ColonelFundTests.framework */; };
/* End PBXBuildFile section */

/* Begin PBXContainerItemProxy section */
		5F995DE71F9286D700F8E459 /* PBXContainerItemProxy */ = {
			isa = PBXContainerItemProxy;
			containerPortal = 5F995DC71F9286D700F8E459 /* Project object */;
			proxyType = 1;
			remoteGlobalIDString = 5F995DCE1F9286D700F8E459;
			remoteInfo = ColonelFund;
		};
		5F995DF21F9286D700F8E459 /* PBXContainerItemProxy */ = {
			isa = PBXContainerItemProxy;
			containerPortal = 5F995DC71F9286D700F8E459 /* Project object */;
			proxyType = 1;
			remoteGlobalIDString = 5F995DCE1F9286D700F8E459;
			remoteInfo = ColonelFund;
		};
/* End PBXContainerItemProxy section */

/* Begin PBXFileReference section */
		010C6108D7C79DF2AC8155CD /* Pods-ColonelFund.release.xcconfig */ = {isa = PBXFileReference; includeInIndex = 1; lastKnownFileType = text.xcconfig; name = "Pods-ColonelFund.release.xcconfig"; path = "Pods/Target Support Files/Pods-ColonelFund/Pods-ColonelFund.release.xcconfig"; sourceTree = "<group>"; };
		0A912BFC2E0A98E53E6BF197 /* Pods_ColonelFundUITests.framework */ = {isa = PBXFileReference; explicitFileType = wrapper.framework; includeInIndex = 0; path = Pods_ColonelFundUITests.framework; sourceTree = BUILT_PRODUCTS_DIR; };
		0B5A263409D4EA805D1AF6F0 /* Pods-ColonelFund.debug.xcconfig */ = {isa = PBXFileReference; includeInIndex = 1; lastKnownFileType = text.xcconfig; name = "Pods-ColonelFund.debug.xcconfig"; path = "Pods/Target Support Files/Pods-ColonelFund/Pods-ColonelFund.debug.xcconfig"; sourceTree = "<group>"; };
		31B3F85F0CD37838ACE633B6 /* Pods_ColonelFund.framework */ = {isa = PBXFileReference; explicitFileType = wrapper.framework; includeInIndex = 0; path = Pods_ColonelFund.framework; sourceTree = BUILT_PRODUCTS_DIR; };
		337DDAE16B0893364FEAC90B /* Pods-ColonelFundUITests.debug.xcconfig */ = {isa = PBXFileReference; includeInIndex = 1; lastKnownFileType = text.xcconfig; name = "Pods-ColonelFundUITests.debug.xcconfig"; path = "Pods/Target Support Files/Pods-ColonelFundUITests/Pods-ColonelFundUITests.debug.xcconfig"; sourceTree = "<group>"; };
		43740B974FEE3F3A620B0E57 /* Pods-ColonelFundUITests.release.xcconfig */ = {isa = PBXFileReference; includeInIndex = 1; lastKnownFileType = text.xcconfig; name = "Pods-ColonelFundUITests.release.xcconfig"; path = "Pods/Target Support Files/Pods-ColonelFundUITests/Pods-ColonelFundUITests.release.xcconfig"; sourceTree = "<group>"; };
		5F0713A81FAFD23C00AA623A /* MemberListTableViewController.swift */ = {isa = PBXFileReference; lastKnownFileType = sourcecode.swift; path = MemberListTableViewController.swift; sourceTree = "<group>"; };
		5F0713AA1FAFD2F200AA623A /* MemberListTableViewCell.swift */ = {isa = PBXFileReference; lastKnownFileType = sourcecode.swift; path = MemberListTableViewCell.swift; sourceTree = "<group>"; };
		5F318C1020116E040080B62E /* TransactionSummaryViewController.swift */ = {isa = PBXFileReference; lastKnownFileType = sourcecode.swift; path = TransactionSummaryViewController.swift; sourceTree = "<group>"; };
		5F54766F20211D4000C91A2B /* Member.swift */ = {isa = PBXFileReference; lastKnownFileType = sourcecode.swift; path = Member.swift; sourceTree = "<group>"; };
		5F54767120211D4E00C91A2B /* Event.swift */ = {isa = PBXFileReference; lastKnownFileType = sourcecode.swift; path = Event.swift; sourceTree = "<group>"; };
		5F54767A20224F9E00C91A2B /* MemberCollection.swift */ = {isa = PBXFileReference; lastKnownFileType = sourcecode.swift; path = MemberCollection.swift; sourceTree = "<group>"; };
		5F54767D2022571E00C91A2B /* events.json */ = {isa = PBXFileReference; fileEncoding = 4; lastKnownFileType = text.json; path = events.json; sourceTree = "<group>"; };
		5F54767E2022571E00C91A2B /* members.json */ = {isa = PBXFileReference; fileEncoding = 4; lastKnownFileType = text.json; path = members.json; sourceTree = "<group>"; };
		5F547681202287D900C91A2B /* EventCollection.swift */ = {isa = PBXFileReference; lastKnownFileType = sourcecode.swift; path = EventCollection.swift; sourceTree = "<group>"; };
		5F5779D81FAFE6CB000667FC /* DonateToMemberViewController.swift */ = {isa = PBXFileReference; lastKnownFileType = sourcecode.swift; path = DonateToMemberViewController.swift; sourceTree = "<group>"; };
		5F5779DE1FB00F17000667FC /* ViewEventViewController.swift */ = {isa = PBXFileReference; lastKnownFileType = sourcecode.swift; path = ViewEventViewController.swift; sourceTree = "<group>"; };
		5F5779E21FB017A2000667FC /* EventListTableViewController.swift */ = {isa = PBXFileReference; lastKnownFileType = sourcecode.swift; path = EventListTableViewController.swift; sourceTree = "<group>"; };
		5F5779E41FB017D3000667FC /* EventListTableViewCell.swift */ = {isa = PBXFileReference; lastKnownFileType = sourcecode.swift; path = EventListTableViewCell.swift; sourceTree = "<group>"; };
		5F5779E61FB01805000667FC /* ViewMemberViewController.swift */ = {isa = PBXFileReference; lastKnownFileType = sourcecode.swift; path = ViewMemberViewController.swift; sourceTree = "<group>"; };
		5F5779E81FB01BDD000667FC /* DonateToEventViewController.swift */ = {isa = PBXFileReference; lastKnownFileType = sourcecode.swift; path = DonateToEventViewController.swift; sourceTree = "<group>"; };
		5F5779EA1FB02AC7000667FC /* CreateEventViewController.swift */ = {isa = PBXFileReference; lastKnownFileType = sourcecode.swift; path = CreateEventViewController.swift; sourceTree = "<group>"; };
		5F5A49D01FF70CA5006E211B /* FacebookLogin.framework */ = {isa = PBXFileReference; explicitFileType = wrapper.framework; path = FacebookLogin.framework; sourceTree = BUILT_PRODUCTS_DIR; };
		5F5A49D21FF70CE8006E211B /* FacebookCore.framework */ = {isa = PBXFileReference; explicitFileType = wrapper.framework; path = FacebookCore.framework; sourceTree = BUILT_PRODUCTS_DIR; };
		5F5A49D41FF70CED006E211B /* FacebookShare.framework */ = {isa = PBXFileReference; explicitFileType = wrapper.framework; path = FacebookShare.framework; sourceTree = BUILT_PRODUCTS_DIR; };
		5F5A49D71FFC1647006E211B /* BraintreeViewController.swift */ = {isa = PBXFileReference; lastKnownFileType = sourcecode.swift; path = BraintreeViewController.swift; sourceTree = "<group>"; };
		5F638A872022A71500A9CACA /* User.swift */ = {isa = PBXFileReference; lastKnownFileType = sourcecode.swift; path = User.swift; sourceTree = "<group>"; };
		5F8717FB1FC547C60091B13A /* LoginViewController.swift */ = {isa = PBXFileReference; lastKnownFileType = sourcecode.swift; path = LoginViewController.swift; sourceTree = "<group>"; };
		5F8717FD1FC5EB8E0091B13A /* AssociatedEventsTableViewCell.swift */ = {isa = PBXFileReference; lastKnownFileType = sourcecode.swift; path = AssociatedEventsTableViewCell.swift; sourceTree = "<group>"; };
		5F8718071FC5F9FD0091B13A /* FBSDKShareKit.framework */ = {isa = PBXFileReference; lastKnownFileType = wrapper.framework; path = FBSDKShareKit.framework; sourceTree = "<group>"; };
		5F8718081FC5F9FD0091B13A /* FBSDKCoreKit.framework */ = {isa = PBXFileReference; lastKnownFileType = wrapper.framework; path = FBSDKCoreKit.framework; sourceTree = "<group>"; };
		5F8718091FC5F9FD0091B13A /* Bolts.framework */ = {isa = PBXFileReference; lastKnownFileType = wrapper.framework; path = Bolts.framework; sourceTree = "<group>"; };
		5F87180A1FC5F9FE0091B13A /* FBSDKLoginKit.framework */ = {isa = PBXFileReference; lastKnownFileType = wrapper.framework; path = FBSDKLoginKit.framework; sourceTree = "<group>"; };
		5F995DCF1F9286D700F8E459 /* ColonelFund.app */ = {isa = PBXFileReference; explicitFileType = wrapper.application; includeInIndex = 0; path = ColonelFund.app; sourceTree = BUILT_PRODUCTS_DIR; };
		5F995DD21F9286D700F8E459 /* AppDelegate.swift */ = {isa = PBXFileReference; lastKnownFileType = sourcecode.swift; path = AppDelegate.swift; sourceTree = "<group>"; };
		5F995DD41F9286D700F8E459 /* MainViewController.swift */ = {isa = PBXFileReference; lastKnownFileType = sourcecode.swift; path = MainViewController.swift; sourceTree = "<group>"; };
		5F995DD71F9286D700F8E459 /* Base */ = {isa = PBXFileReference; lastKnownFileType = file.storyboard; name = Base; path = Base.lproj/Main.storyboard; sourceTree = "<group>"; };
		5F995DDA1F9286D700F8E459 /* ColonelFund.xcdatamodel */ = {isa = PBXFileReference; lastKnownFileType = wrapper.xcdatamodel; path = ColonelFund.xcdatamodel; sourceTree = "<group>"; };
		5F995DDC1F9286D700F8E459 /* Assets.xcassets */ = {isa = PBXFileReference; lastKnownFileType = folder.assetcatalog; path = Assets.xcassets; sourceTree = "<group>"; };
		5F995DDF1F9286D700F8E459 /* Base */ = {isa = PBXFileReference; lastKnownFileType = file.storyboard; name = Base; path = Base.lproj/LaunchScreen.storyboard; sourceTree = "<group>"; };
		5F995DE11F9286D700F8E459 /* Info.plist */ = {isa = PBXFileReference; lastKnownFileType = text.plist.xml; path = Info.plist; sourceTree = "<group>"; };
		5F995DE61F9286D700F8E459 /* ColonelFundTests.xctest */ = {isa = PBXFileReference; explicitFileType = wrapper.cfbundle; includeInIndex = 0; path = ColonelFundTests.xctest; sourceTree = BUILT_PRODUCTS_DIR; };
		5F995DEA1F9286D700F8E459 /* ColonelFundTests.swift */ = {isa = PBXFileReference; lastKnownFileType = sourcecode.swift; path = ColonelFundTests.swift; sourceTree = "<group>"; };
		5F995DEC1F9286D700F8E459 /* Info.plist */ = {isa = PBXFileReference; lastKnownFileType = text.plist.xml; path = Info.plist; sourceTree = "<group>"; };
		5F995DF11F9286D700F8E459 /* ColonelFundUITests.xctest */ = {isa = PBXFileReference; explicitFileType = wrapper.cfbundle; includeInIndex = 0; path = ColonelFundUITests.xctest; sourceTree = BUILT_PRODUCTS_DIR; };
		5F995DF51F9286D700F8E459 /* ColonelFundUITests.swift */ = {isa = PBXFileReference; lastKnownFileType = sourcecode.swift; path = ColonelFundUITests.swift; sourceTree = "<group>"; };
		5F995DF71F9286D700F8E459 /* Info.plist */ = {isa = PBXFileReference; lastKnownFileType = text.plist.xml; path = Info.plist; sourceTree = "<group>"; };
		5FB066CE1FF702C000FCF659 /* Braintree.framework */ = {isa = PBXFileReference; explicitFileType = wrapper.framework; path = Braintree.framework; sourceTree = BUILT_PRODUCTS_DIR; };
		5FB066CF1FF702FF00FCF659 /* ColonelFund.entitlements */ = {isa = PBXFileReference; lastKnownFileType = text.plist.entitlements; path = ColonelFund.entitlements; sourceTree = "<group>"; };
		5FB066D11FF7064F00FCF659 /* Braintree.framework */ = {isa = PBXFileReference; explicitFileType = wrapper.framework; path = Braintree.framework; sourceTree = BUILT_PRODUCTS_DIR; };
		5FB066D31FF7065300FCF659 /* BraintreeDropIn.framework */ = {isa = PBXFileReference; explicitFileType = wrapper.framework; path = BraintreeDropIn.framework; sourceTree = BUILT_PRODUCTS_DIR; };
		9F6BE0B8B54E0CB317F88435 /* Pods_ColonelFundTests.framework */ = {isa = PBXFileReference; explicitFileType = wrapper.framework; includeInIndex = 0; path = Pods_ColonelFundTests.framework; sourceTree = BUILT_PRODUCTS_DIR; };
		B6E3F394D4DC866E93014003 /* Pods-ColonelFundTests.release.xcconfig */ = {isa = PBXFileReference; includeInIndex = 1; lastKnownFileType = text.xcconfig; name = "Pods-ColonelFundTests.release.xcconfig"; path = "Pods/Target Support Files/Pods-ColonelFundTests/Pods-ColonelFundTests.release.xcconfig"; sourceTree = "<group>"; };
		CEE03B6FBA26E11D87463B51 /* Pods-ColonelFundTests.debug.xcconfig */ = {isa = PBXFileReference; includeInIndex = 1; lastKnownFileType = text.xcconfig; name = "Pods-ColonelFundTests.debug.xcconfig"; path = "Pods/Target Support Files/Pods-ColonelFundTests/Pods-ColonelFundTests.debug.xcconfig"; sourceTree = "<group>"; };
/* End PBXFileReference section */

/* Begin PBXFrameworksBuildPhase section */
		5F995DCC1F9286D700F8E459 /* Frameworks */ = {
			isa = PBXFrameworksBuildPhase;
			buildActionMask = 2147483647;
			files = (
				5F373EC81FC60A4F005B2BD1 /* FBSDKCoreKit.framework in Frameworks */,
				5F87180B1FC5FA0A0091B13A /* Bolts.framework in Frameworks */,
				5F373ECA1FC60A4F005B2BD1 /* FBSDKLoginKit.framework in Frameworks */,
				5F373ECC1FC60A4F005B2BD1 /* FBSDKShareKit.framework in Frameworks */,
				5F5A49CF1FF70CA5006E211B /* FacebookLogin.framework in Frameworks */,
				5F5A49D11FF70CE8006E211B /* FacebookCore.framework in Frameworks */,
				5F5A49D31FF70CED006E211B /* FacebookShare.framework in Frameworks */,
				5FB066D01FF7064F00FCF659 /* Braintree.framework in Frameworks */,
				5FB066D21FF7065300FCF659 /* BraintreeDropIn.framework in Frameworks */,
				DAFE769E0EABF81414A3D1B4 /* Pods_ColonelFund.framework in Frameworks */,
			);
			runOnlyForDeploymentPostprocessing = 0;
		};
		5F995DE31F9286D700F8E459 /* Frameworks */ = {
			isa = PBXFrameworksBuildPhase;
			buildActionMask = 2147483647;
			files = (
				FBD42D9F42E7DF6A273C7D38 /* Pods_ColonelFundTests.framework in Frameworks */,
			);
			runOnlyForDeploymentPostprocessing = 0;
		};
		5F995DEE1F9286D700F8E459 /* Frameworks */ = {
			isa = PBXFrameworksBuildPhase;
			buildActionMask = 2147483647;
			files = (
				3C2D43899BE6FA902C21FB7C /* Pods_ColonelFundUITests.framework in Frameworks */,
			);
			runOnlyForDeploymentPostprocessing = 0;
		};
/* End PBXFrameworksBuildPhase section */

/* Begin PBXGroup section */
		06B36A4ED3B5A94C5F9DCF83 /* Pods */ = {
			isa = PBXGroup;
			children = (
				0B5A263409D4EA805D1AF6F0 /* Pods-ColonelFund.debug.xcconfig */,
				010C6108D7C79DF2AC8155CD /* Pods-ColonelFund.release.xcconfig */,
				CEE03B6FBA26E11D87463B51 /* Pods-ColonelFundTests.debug.xcconfig */,
				B6E3F394D4DC866E93014003 /* Pods-ColonelFundTests.release.xcconfig */,
				337DDAE16B0893364FEAC90B /* Pods-ColonelFundUITests.debug.xcconfig */,
				43740B974FEE3F3A620B0E57 /* Pods-ColonelFundUITests.release.xcconfig */,
			);
			name = Pods;
			sourceTree = "<group>";
		};
		5F54767C202256C300C91A2B /* Data */ = {
			isa = PBXGroup;
			children = (
				5F54767D2022571E00C91A2B /* events.json */,
				5F54767E2022571E00C91A2B /* members.json */,
			);
			path = Data;
			sourceTree = "<group>";
		};
		5F8717F61FC543570091B13A /* Frameworks */ = {
			isa = PBXGroup;
			children = (
				5FB066CE1FF702C000FCF659 /* Braintree.framework */,
				5F8718091FC5F9FD0091B13A /* Bolts.framework */,
				5F8718081FC5F9FD0091B13A /* FBSDKCoreKit.framework */,
				5F87180A1FC5F9FE0091B13A /* FBSDKLoginKit.framework */,
				5F5A49D01FF70CA5006E211B /* FacebookLogin.framework */,
				5F5A49D21FF70CE8006E211B /* FacebookCore.framework */,
				5F5A49D41FF70CED006E211B /* FacebookShare.framework */,
				5F8718071FC5F9FD0091B13A /* FBSDKShareKit.framework */,
				5FB066D31FF7065300FCF659 /* BraintreeDropIn.framework */,
				5FB066D11FF7064F00FCF659 /* Braintree.framework */,
				31B3F85F0CD37838ACE633B6 /* Pods_ColonelFund.framework */,
				9F6BE0B8B54E0CB317F88435 /* Pods_ColonelFundTests.framework */,
				0A912BFC2E0A98E53E6BF197 /* Pods_ColonelFundUITests.framework */,
			);
			name = Frameworks;
			sourceTree = "<group>";
		};
		5F995DC61F9286D700F8E459 = {
			isa = PBXGroup;
			children = (
				5F995DD11F9286D700F8E459 /* ColonelFund */,
				5F995DE91F9286D700F8E459 /* ColonelFundTests */,
				5F995DF41F9286D700F8E459 /* ColonelFundUITests */,
				5F995DD01F9286D700F8E459 /* Products */,
				5F8717F61FC543570091B13A /* Frameworks */,
				06B36A4ED3B5A94C5F9DCF83 /* Pods */,
			);
			sourceTree = "<group>";
		};
		5F995DD01F9286D700F8E459 /* Products */ = {
			isa = PBXGroup;
			children = (
				5F995DCF1F9286D700F8E459 /* ColonelFund.app */,
				5F995DE61F9286D700F8E459 /* ColonelFundTests.xctest */,
				5F995DF11F9286D700F8E459 /* ColonelFundUITests.xctest */,
			);
			name = Products;
			sourceTree = "<group>";
		};
		5F995DD11F9286D700F8E459 /* ColonelFund */ = {
			isa = PBXGroup;
			children = (
				5F54767C202256C300C91A2B /* Data */,
				5FB066CF1FF702FF00FCF659 /* ColonelFund.entitlements */,
				5F5779E41FB017D3000667FC /* EventListTableViewCell.swift */,
				5F5779E21FB017A2000667FC /* EventListTableViewController.swift */,
				5F995DD21F9286D700F8E459 /* AppDelegate.swift */,
				5F995DD41F9286D700F8E459 /* MainViewController.swift */,
				5F0713A81FAFD23C00AA623A /* MemberListTableViewController.swift */,
				5F995DD61F9286D700F8E459 /* Main.storyboard */,
				5F54766F20211D4000C91A2B /* Member.swift */,
				5F54767A20224F9E00C91A2B /* MemberCollection.swift */,
				5F54767120211D4E00C91A2B /* Event.swift */,
				5F638A872022A71500A9CACA /* User.swift */,
				5F547681202287D900C91A2B /* EventCollection.swift */,
				5F318C1020116E040080B62E /* TransactionSummaryViewController.swift */,
				5F5A49D71FFC1647006E211B /* BraintreeViewController.swift */,
				5F8717FD1FC5EB8E0091B13A /* AssociatedEventsTableViewCell.swift */,
				5F8717FB1FC547C60091B13A /* LoginViewController.swift */,
				5F5779EA1FB02AC7000667FC /* CreateEventViewController.swift */,
				5F5779E81FB01BDD000667FC /* DonateToEventViewController.swift */,
				5F5779DE1FB00F17000667FC /* ViewEventViewController.swift */,
				5F5779E61FB01805000667FC /* ViewMemberViewController.swift */,
				5F5779D81FAFE6CB000667FC /* DonateToMemberViewController.swift */,
				5F0713AA1FAFD2F200AA623A /* MemberListTableViewCell.swift */,
				5F995DDC1F9286D700F8E459 /* Assets.xcassets */,
				5F995DDE1F9286D700F8E459 /* LaunchScreen.storyboard */,
				5F995DE11F9286D700F8E459 /* Info.plist */,
				5F995DD91F9286D700F8E459 /* ColonelFund.xcdatamodeld */,
			);
			path = ColonelFund;
			sourceTree = "<group>";
		};
		5F995DE91F9286D700F8E459 /* ColonelFundTests */ = {
			isa = PBXGroup;
			children = (
				5F995DEA1F9286D700F8E459 /* ColonelFundTests.swift */,
				5F995DEC1F9286D700F8E459 /* Info.plist */,
			);
			path = ColonelFundTests;
			sourceTree = "<group>";
		};
		5F995DF41F9286D700F8E459 /* ColonelFundUITests */ = {
			isa = PBXGroup;
			children = (
				5F995DF51F9286D700F8E459 /* ColonelFundUITests.swift */,
				5F995DF71F9286D700F8E459 /* Info.plist */,
			);
			path = ColonelFundUITests;
			sourceTree = "<group>";
		};
/* End PBXGroup section */

/* Begin PBXNativeTarget section */
		5F995DCE1F9286D700F8E459 /* ColonelFund */ = {
			isa = PBXNativeTarget;
			buildConfigurationList = 5F995DFA1F9286D700F8E459 /* Build configuration list for PBXNativeTarget "ColonelFund" */;
			buildPhases = (
				4BF02D31513DDDBF23C9F5A8 /* [CP] Check Pods Manifest.lock */,
				5F995DCB1F9286D700F8E459 /* Sources */,
				5F995DCC1F9286D700F8E459 /* Frameworks */,
				5F995DCD1F9286D700F8E459 /* Resources */,
				D2B55FDEC43B3BF23ADE352B /* [CP] Embed Pods Frameworks */,
				620B96A67E163D4DF267B9F5 /* [CP] Copy Pods Resources */,
			);
			buildRules = (
			);
			dependencies = (
			);
			name = ColonelFund;
			productName = ColonelFund;
			productReference = 5F995DCF1F9286D700F8E459 /* ColonelFund.app */;
			productType = "com.apple.product-type.application";
		};
		5F995DE51F9286D700F8E459 /* ColonelFundTests */ = {
			isa = PBXNativeTarget;
			buildConfigurationList = 5F995DFD1F9286D700F8E459 /* Build configuration list for PBXNativeTarget "ColonelFundTests" */;
			buildPhases = (
				524238C267D5C9505FD28B02 /* [CP] Check Pods Manifest.lock */,
				5F995DE21F9286D700F8E459 /* Sources */,
				5F995DE31F9286D700F8E459 /* Frameworks */,
				5F995DE41F9286D700F8E459 /* Resources */,
				2F8117C24E55C47AA1FA51CB /* [CP] Embed Pods Frameworks */,
				D18E97EEF9682A8B228A50E5 /* [CP] Copy Pods Resources */,
			);
			buildRules = (
			);
			dependencies = (
				5F995DE81F9286D700F8E459 /* PBXTargetDependency */,
			);
			name = ColonelFundTests;
			productName = ColonelFundTests;
			productReference = 5F995DE61F9286D700F8E459 /* ColonelFundTests.xctest */;
			productType = "com.apple.product-type.bundle.unit-test";
		};
		5F995DF01F9286D700F8E459 /* ColonelFundUITests */ = {
			isa = PBXNativeTarget;
			buildConfigurationList = 5F995E001F9286D700F8E459 /* Build configuration list for PBXNativeTarget "ColonelFundUITests" */;
			buildPhases = (
				96421A0D225C32B035DDCEF3 /* [CP] Check Pods Manifest.lock */,
				5F995DED1F9286D700F8E459 /* Sources */,
				5F995DEE1F9286D700F8E459 /* Frameworks */,
				5F995DEF1F9286D700F8E459 /* Resources */,
				FB4228EB3328E9B66B71FC6D /* [CP] Embed Pods Frameworks */,
				18C0CB194BAD46FCDD02E301 /* [CP] Copy Pods Resources */,
			);
			buildRules = (
			);
			dependencies = (
				5F995DF31F9286D700F8E459 /* PBXTargetDependency */,
			);
			name = ColonelFundUITests;
			productName = ColonelFundUITests;
			productReference = 5F995DF11F9286D700F8E459 /* ColonelFundUITests.xctest */;
			productType = "com.apple.product-type.bundle.ui-testing";
		};
/* End PBXNativeTarget section */

/* Begin PBXProject section */
		5F995DC71F9286D700F8E459 /* Project object */ = {
			isa = PBXProject;
			attributes = {
				LastSwiftUpdateCheck = 0900;
				LastUpgradeCheck = 0900;
				ORGANIZATIONNAME = PennerTech;
				TargetAttributes = {
					5F995DCE1F9286D700F8E459 = {
						CreatedOnToolsVersion = 9.0;
						ProvisioningStyle = Automatic;
						SystemCapabilities = {
							com.apple.ApplePay = {
								enabled = 1;
							};
							com.apple.Keychain = {
								enabled = 1;
							};
						};
					};
					5F995DE51F9286D700F8E459 = {
						CreatedOnToolsVersion = 9.0;
						ProvisioningStyle = Automatic;
						TestTargetID = 5F995DCE1F9286D700F8E459;
					};
					5F995DF01F9286D700F8E459 = {
						CreatedOnToolsVersion = 9.0;
						ProvisioningStyle = Automatic;
						TestTargetID = 5F995DCE1F9286D700F8E459;
					};
				};
			};
			buildConfigurationList = 5F995DCA1F9286D700F8E459 /* Build configuration list for PBXProject "ColonelFund" */;
			compatibilityVersion = "Xcode 8.0";
			developmentRegion = en;
			hasScannedForEncodings = 0;
			knownRegions = (
				en,
				Base,
			);
			mainGroup = 5F995DC61F9286D700F8E459;
			productRefGroup = 5F995DD01F9286D700F8E459 /* Products */;
			projectDirPath = "";
			projectRoot = "";
			targets = (
				5F995DCE1F9286D700F8E459 /* ColonelFund */,
				5F995DE51F9286D700F8E459 /* ColonelFundTests */,
				5F995DF01F9286D700F8E459 /* ColonelFundUITests */,
			);
		};
/* End PBXProject section */

/* Begin PBXResourcesBuildPhase section */
		5F995DCD1F9286D700F8E459 /* Resources */ = {
			isa = PBXResourcesBuildPhase;
			buildActionMask = 2147483647;
			files = (
				5F54767F2022571E00C91A2B /* events.json in Resources */,
				5F5476802022571E00C91A2B /* members.json in Resources */,
				5F995DE01F9286D700F8E459 /* LaunchScreen.storyboard in Resources */,
				5F995DDD1F9286D700F8E459 /* Assets.xcassets in Resources */,
				5F995DD81F9286D700F8E459 /* Main.storyboard in Resources */,
			);
			runOnlyForDeploymentPostprocessing = 0;
		};
		5F995DE41F9286D700F8E459 /* Resources */ = {
			isa = PBXResourcesBuildPhase;
			buildActionMask = 2147483647;
			files = (
			);
			runOnlyForDeploymentPostprocessing = 0;
		};
		5F995DEF1F9286D700F8E459 /* Resources */ = {
			isa = PBXResourcesBuildPhase;
			buildActionMask = 2147483647;
			files = (
			);
			runOnlyForDeploymentPostprocessing = 0;
		};
/* End PBXResourcesBuildPhase section */

/* Begin PBXShellScriptBuildPhase section */
		18C0CB194BAD46FCDD02E301 /* [CP] Copy Pods Resources */ = {
			isa = PBXShellScriptBuildPhase;
			buildActionMask = 2147483647;
			files = (
			);
			inputPaths = (
			);
			name = "[CP] Copy Pods Resources";
			outputPaths = (
			);
			runOnlyForDeploymentPostprocessing = 0;
			shellPath = /bin/sh;
			shellScript = "\"${SRCROOT}/Pods/Target Support Files/Pods-ColonelFundUITests/Pods-ColonelFundUITests-resources.sh\"\n";
			showEnvVarsInLog = 0;
		};
		2F8117C24E55C47AA1FA51CB /* [CP] Embed Pods Frameworks */ = {
			isa = PBXShellScriptBuildPhase;
			buildActionMask = 2147483647;
			files = (
			);
			inputPaths = (
			);
			name = "[CP] Embed Pods Frameworks";
			outputPaths = (
			);
			runOnlyForDeploymentPostprocessing = 0;
			shellPath = /bin/sh;
			shellScript = "\"${SRCROOT}/Pods/Target Support Files/Pods-ColonelFundTests/Pods-ColonelFundTests-frameworks.sh\"\n";
			showEnvVarsInLog = 0;
		};
		4BF02D31513DDDBF23C9F5A8 /* [CP] Check Pods Manifest.lock */ = {
			isa = PBXShellScriptBuildPhase;
			buildActionMask = 2147483647;
			files = (
			);
			inputPaths = (
				"${PODS_PODFILE_DIR_PATH}/Podfile.lock",
				"${PODS_ROOT}/Manifest.lock",
			);
			name = "[CP] Check Pods Manifest.lock";
			outputPaths = (
				"$(DERIVED_FILE_DIR)/Pods-ColonelFund-checkManifestLockResult.txt",
			);
			runOnlyForDeploymentPostprocessing = 0;
			shellPath = /bin/sh;
			shellScript = "diff \"${PODS_PODFILE_DIR_PATH}/Podfile.lock\" \"${PODS_ROOT}/Manifest.lock\" > /dev/null\nif [ $? != 0 ] ; then\n    # print error to STDERR\n    echo \"error: The sandbox is not in sync with the Podfile.lock. Run 'pod install' or update your CocoaPods installation.\" >&2\n    exit 1\nfi\n# This output is used by Xcode 'outputs' to avoid re-running this script phase.\necho \"SUCCESS\" > \"${SCRIPT_OUTPUT_FILE_0}\"\n";
			showEnvVarsInLog = 0;
		};
		524238C267D5C9505FD28B02 /* [CP] Check Pods Manifest.lock */ = {
			isa = PBXShellScriptBuildPhase;
			buildActionMask = 2147483647;
			files = (
			);
			inputPaths = (
				"${PODS_PODFILE_DIR_PATH}/Podfile.lock",
				"${PODS_ROOT}/Manifest.lock",
			);
			name = "[CP] Check Pods Manifest.lock";
			outputPaths = (
				"$(DERIVED_FILE_DIR)/Pods-ColonelFundTests-checkManifestLockResult.txt",
			);
			runOnlyForDeploymentPostprocessing = 0;
			shellPath = /bin/sh;
			shellScript = "diff \"${PODS_PODFILE_DIR_PATH}/Podfile.lock\" \"${PODS_ROOT}/Manifest.lock\" > /dev/null\nif [ $? != 0 ] ; then\n    # print error to STDERR\n    echo \"error: The sandbox is not in sync with the Podfile.lock. Run 'pod install' or update your CocoaPods installation.\" >&2\n    exit 1\nfi\n# This output is used by Xcode 'outputs' to avoid re-running this script phase.\necho \"SUCCESS\" > \"${SCRIPT_OUTPUT_FILE_0}\"\n";
			showEnvVarsInLog = 0;
		};
		620B96A67E163D4DF267B9F5 /* [CP] Copy Pods Resources */ = {
			isa = PBXShellScriptBuildPhase;
			buildActionMask = 2147483647;
			files = (
			);
			inputPaths = (
			);
			name = "[CP] Copy Pods Resources";
			outputPaths = (
			);
			runOnlyForDeploymentPostprocessing = 0;
			shellPath = /bin/sh;
			shellScript = "\"${SRCROOT}/Pods/Target Support Files/Pods-ColonelFund/Pods-ColonelFund-resources.sh\"\n";
			showEnvVarsInLog = 0;
		};
		96421A0D225C32B035DDCEF3 /* [CP] Check Pods Manifest.lock */ = {
			isa = PBXShellScriptBuildPhase;
			buildActionMask = 2147483647;
			files = (
			);
			inputPaths = (
				"${PODS_PODFILE_DIR_PATH}/Podfile.lock",
				"${PODS_ROOT}/Manifest.lock",
			);
			name = "[CP] Check Pods Manifest.lock";
			outputPaths = (
				"$(DERIVED_FILE_DIR)/Pods-ColonelFundUITests-checkManifestLockResult.txt",
			);
			runOnlyForDeploymentPostprocessing = 0;
			shellPath = /bin/sh;
			shellScript = "diff \"${PODS_PODFILE_DIR_PATH}/Podfile.lock\" \"${PODS_ROOT}/Manifest.lock\" > /dev/null\nif [ $? != 0 ] ; then\n    # print error to STDERR\n    echo \"error: The sandbox is not in sync with the Podfile.lock. Run 'pod install' or update your CocoaPods installation.\" >&2\n    exit 1\nfi\n# This output is used by Xcode 'outputs' to avoid re-running this script phase.\necho \"SUCCESS\" > \"${SCRIPT_OUTPUT_FILE_0}\"\n";
			showEnvVarsInLog = 0;
		};
		D18E97EEF9682A8B228A50E5 /* [CP] Copy Pods Resources */ = {
			isa = PBXShellScriptBuildPhase;
			buildActionMask = 2147483647;
			files = (
			);
			inputPaths = (
			);
			name = "[CP] Copy Pods Resources";
			outputPaths = (
			);
			runOnlyForDeploymentPostprocessing = 0;
			shellPath = /bin/sh;
			shellScript = "\"${SRCROOT}/Pods/Target Support Files/Pods-ColonelFundTests/Pods-ColonelFundTests-resources.sh\"\n";
			showEnvVarsInLog = 0;
		};
		D2B55FDEC43B3BF23ADE352B /* [CP] Embed Pods Frameworks */ = {
			isa = PBXShellScriptBuildPhase;
			buildActionMask = 2147483647;
			files = (
			);
			inputPaths = (
				"${SRCROOT}/Pods/Target Support Files/Pods-ColonelFund/Pods-ColonelFund-frameworks.sh",
				"${BUILT_PRODUCTS_DIR}/Bolts/Bolts.framework",
				"${BUILT_PRODUCTS_DIR}/Braintree/Braintree.framework",
				"${BUILT_PRODUCTS_DIR}/BraintreeDropIn/BraintreeDropIn.framework",
				"${BUILT_PRODUCTS_DIR}/FBSDKCoreKit/FBSDKCoreKit.framework",
				"${BUILT_PRODUCTS_DIR}/FBSDKLoginKit/FBSDKLoginKit.framework",
				"${BUILT_PRODUCTS_DIR}/FBSDKShareKit/FBSDKShareKit.framework",
				"${BUILT_PRODUCTS_DIR}/FacebookCore/FacebookCore.framework",
				"${BUILT_PRODUCTS_DIR}/FacebookLogin/FacebookLogin.framework",
				"${BUILT_PRODUCTS_DIR}/FacebookShare/FacebookShare.framework",
			);
			name = "[CP] Embed Pods Frameworks";
			outputPaths = (
				"${TARGET_BUILD_DIR}/${FRAMEWORKS_FOLDER_PATH}/Bolts.framework",
				"${TARGET_BUILD_DIR}/${FRAMEWORKS_FOLDER_PATH}/Braintree.framework",
				"${TARGET_BUILD_DIR}/${FRAMEWORKS_FOLDER_PATH}/BraintreeDropIn.framework",
				"${TARGET_BUILD_DIR}/${FRAMEWORKS_FOLDER_PATH}/FBSDKCoreKit.framework",
				"${TARGET_BUILD_DIR}/${FRAMEWORKS_FOLDER_PATH}/FBSDKLoginKit.framework",
				"${TARGET_BUILD_DIR}/${FRAMEWORKS_FOLDER_PATH}/FBSDKShareKit.framework",
				"${TARGET_BUILD_DIR}/${FRAMEWORKS_FOLDER_PATH}/FacebookCore.framework",
				"${TARGET_BUILD_DIR}/${FRAMEWORKS_FOLDER_PATH}/FacebookLogin.framework",
				"${TARGET_BUILD_DIR}/${FRAMEWORKS_FOLDER_PATH}/FacebookShare.framework",
			);
			runOnlyForDeploymentPostprocessing = 0;
			shellPath = /bin/sh;
			shellScript = "\"${SRCROOT}/Pods/Target Support Files/Pods-ColonelFund/Pods-ColonelFund-frameworks.sh\"\n";
			showEnvVarsInLog = 0;
		};
		FB4228EB3328E9B66B71FC6D /* [CP] Embed Pods Frameworks */ = {
			isa = PBXShellScriptBuildPhase;
			buildActionMask = 2147483647;
			files = (
			);
			inputPaths = (
			);
			name = "[CP] Embed Pods Frameworks";
			outputPaths = (
			);
			runOnlyForDeploymentPostprocessing = 0;
			shellPath = /bin/sh;
			shellScript = "\"${SRCROOT}/Pods/Target Support Files/Pods-ColonelFundUITests/Pods-ColonelFundUITests-frameworks.sh\"\n";
			showEnvVarsInLog = 0;
		};
/* End PBXShellScriptBuildPhase section */

/* Begin PBXSourcesBuildPhase section */
		5F995DCB1F9286D700F8E459 /* Sources */ = {
			isa = PBXSourcesBuildPhase;
			buildActionMask = 2147483647;
			files = (
				5F995DD51F9286D700F8E459 /* MainViewController.swift in Sources */,
				5F54767B20224F9E00C91A2B /* MemberCollection.swift in Sources */,
				5F5A49D81FFC1647006E211B /* BraintreeViewController.swift in Sources */,
				5F5779E71FB01805000667FC /* ViewMemberViewController.swift in Sources */,
				5F8717FE1FC5EB8E0091B13A /* AssociatedEventsTableViewCell.swift in Sources */,
				5F318C1120116E040080B62E /* TransactionSummaryViewController.swift in Sources */,
				5F0713A91FAFD23C00AA623A /* MemberListTableViewController.swift in Sources */,
				5F5779D91FAFE6CB000667FC /* DonateToMemberViewController.swift in Sources */,
				5F54767020211D4000C91A2B /* Member.swift in Sources */,
				5F5779E51FB017D3000667FC /* EventListTableViewCell.swift in Sources */,
				5F5779E91FB01BDD000667FC /* DonateToEventViewController.swift in Sources */,
				5F54767220211D4E00C91A2B /* Event.swift in Sources */,
				5F995DD31F9286D700F8E459 /* AppDelegate.swift in Sources */,
				5F547682202287D900C91A2B /* EventCollection.swift in Sources */,
				5F5779E31FB017A2000667FC /* EventListTableViewController.swift in Sources */,
				5F0713AB1FAFD2F200AA623A /* MemberListTableViewCell.swift in Sources */,
				5F5779DF1FB00F17000667FC /* ViewEventViewController.swift in Sources */,
				5F995DDB1F9286D700F8E459 /* ColonelFund.xcdatamodeld in Sources */,
				5F8717FC1FC547C60091B13A /* LoginViewController.swift in Sources */,
				5F5779EB1FB02AC7000667FC /* CreateEventViewController.swift in Sources */,
				5F638A882022A71500A9CACA /* User.swift in Sources */,
			);
			runOnlyForDeploymentPostprocessing = 0;
		};
		5F995DE21F9286D700F8E459 /* Sources */ = {
			isa = PBXSourcesBuildPhase;
			buildActionMask = 2147483647;
			files = (
				5F995DEB1F9286D700F8E459 /* ColonelFundTests.swift in Sources */,
			);
			runOnlyForDeploymentPostprocessing = 0;
		};
		5F995DED1F9286D700F8E459 /* Sources */ = {
			isa = PBXSourcesBuildPhase;
			buildActionMask = 2147483647;
			files = (
				5F995DF61F9286D700F8E459 /* ColonelFundUITests.swift in Sources */,
			);
			runOnlyForDeploymentPostprocessing = 0;
		};
/* End PBXSourcesBuildPhase section */

/* Begin PBXTargetDependency section */
		5F995DE81F9286D700F8E459 /* PBXTargetDependency */ = {
			isa = PBXTargetDependency;
			target = 5F995DCE1F9286D700F8E459 /* ColonelFund */;
			targetProxy = 5F995DE71F9286D700F8E459 /* PBXContainerItemProxy */;
		};
		5F995DF31F9286D700F8E459 /* PBXTargetDependency */ = {
			isa = PBXTargetDependency;
			target = 5F995DCE1F9286D700F8E459 /* ColonelFund */;
			targetProxy = 5F995DF21F9286D700F8E459 /* PBXContainerItemProxy */;
		};
/* End PBXTargetDependency section */

/* Begin PBXVariantGroup section */
		5F995DD61F9286D700F8E459 /* Main.storyboard */ = {
			isa = PBXVariantGroup;
			children = (
				5F995DD71F9286D700F8E459 /* Base */,
			);
			name = Main.storyboard;
			sourceTree = "<group>";
		};
		5F995DDE1F9286D700F8E459 /* LaunchScreen.storyboard */ = {
			isa = PBXVariantGroup;
			children = (
				5F995DDF1F9286D700F8E459 /* Base */,
			);
			name = LaunchScreen.storyboard;
			sourceTree = "<group>";
		};
/* End PBXVariantGroup section */

/* Begin XCBuildConfiguration section */
		5F995DF81F9286D700F8E459 /* Debug */ = {
			isa = XCBuildConfiguration;
			buildSettings = {
				ALWAYS_SEARCH_USER_PATHS = NO;
				CLANG_ANALYZER_NONNULL = YES;
				CLANG_ANALYZER_NUMBER_OBJECT_CONVERSION = YES_AGGRESSIVE;
				CLANG_CXX_LANGUAGE_STANDARD = "gnu++14";
				CLANG_CXX_LIBRARY = "libc++";
				CLANG_ENABLE_MODULES = YES;
				CLANG_ENABLE_OBJC_ARC = YES;
				CLANG_WARN_BLOCK_CAPTURE_AUTORELEASING = YES;
				CLANG_WARN_BOOL_CONVERSION = YES;
				CLANG_WARN_COMMA = YES;
				CLANG_WARN_CONSTANT_CONVERSION = YES;
				CLANG_WARN_DIRECT_OBJC_ISA_USAGE = YES_ERROR;
				CLANG_WARN_DOCUMENTATION_COMMENTS = YES;
				CLANG_WARN_EMPTY_BODY = YES;
				CLANG_WARN_ENUM_CONVERSION = YES;
				CLANG_WARN_INFINITE_RECURSION = YES;
				CLANG_WARN_INT_CONVERSION = YES;
				CLANG_WARN_NON_LITERAL_NULL_CONVERSION = YES;
				CLANG_WARN_OBJC_LITERAL_CONVERSION = YES;
				CLANG_WARN_OBJC_ROOT_CLASS = YES_ERROR;
				CLANG_WARN_RANGE_LOOP_ANALYSIS = YES;
				CLANG_WARN_STRICT_PROTOTYPES = YES;
				CLANG_WARN_SUSPICIOUS_MOVE = YES;
				CLANG_WARN_UNGUARDED_AVAILABILITY = YES_AGGRESSIVE;
				CLANG_WARN_UNREACHABLE_CODE = YES;
				CLANG_WARN__DUPLICATE_METHOD_MATCH = YES;
				CODE_SIGN_IDENTITY = "iPhone Developer";
				COPY_PHASE_STRIP = NO;
				DEBUG_INFORMATION_FORMAT = dwarf;
				ENABLE_STRICT_OBJC_MSGSEND = YES;
				ENABLE_TESTABILITY = YES;
				GCC_C_LANGUAGE_STANDARD = gnu11;
				GCC_DYNAMIC_NO_PIC = NO;
				GCC_NO_COMMON_BLOCKS = YES;
				GCC_OPTIMIZATION_LEVEL = 0;
				GCC_PREPROCESSOR_DEFINITIONS = (
					"DEBUG=1",
					"$(inherited)",
				);
				GCC_WARN_64_TO_32_BIT_CONVERSION = YES;
				GCC_WARN_ABOUT_RETURN_TYPE = YES_ERROR;
				GCC_WARN_UNDECLARED_SELECTOR = YES;
				GCC_WARN_UNINITIALIZED_AUTOS = YES_AGGRESSIVE;
				GCC_WARN_UNUSED_FUNCTION = YES;
				GCC_WARN_UNUSED_VARIABLE = YES;
				IPHONEOS_DEPLOYMENT_TARGET = 11.0;
				MTL_ENABLE_DEBUG_INFO = YES;
				ONLY_ACTIVE_ARCH = YES;
				SDKROOT = iphoneos;
				SWIFT_ACTIVE_COMPILATION_CONDITIONS = DEBUG;
				SWIFT_OPTIMIZATION_LEVEL = "-Onone";
			};
			name = Debug;
		};
		5F995DF91F9286D700F8E459 /* Release */ = {
			isa = XCBuildConfiguration;
			buildSettings = {
				ALWAYS_SEARCH_USER_PATHS = NO;
				CLANG_ANALYZER_NONNULL = YES;
				CLANG_ANALYZER_NUMBER_OBJECT_CONVERSION = YES_AGGRESSIVE;
				CLANG_CXX_LANGUAGE_STANDARD = "gnu++14";
				CLANG_CXX_LIBRARY = "libc++";
				CLANG_ENABLE_MODULES = YES;
				CLANG_ENABLE_OBJC_ARC = YES;
				CLANG_WARN_BLOCK_CAPTURE_AUTORELEASING = YES;
				CLANG_WARN_BOOL_CONVERSION = YES;
				CLANG_WARN_COMMA = YES;
				CLANG_WARN_CONSTANT_CONVERSION = YES;
				CLANG_WARN_DIRECT_OBJC_ISA_USAGE = YES_ERROR;
				CLANG_WARN_DOCUMENTATION_COMMENTS = YES;
				CLANG_WARN_EMPTY_BODY = YES;
				CLANG_WARN_ENUM_CONVERSION = YES;
				CLANG_WARN_INFINITE_RECURSION = YES;
				CLANG_WARN_INT_CONVERSION = YES;
				CLANG_WARN_NON_LITERAL_NULL_CONVERSION = YES;
				CLANG_WARN_OBJC_LITERAL_CONVERSION = YES;
				CLANG_WARN_OBJC_ROOT_CLASS = YES_ERROR;
				CLANG_WARN_RANGE_LOOP_ANALYSIS = YES;
				CLANG_WARN_STRICT_PROTOTYPES = YES;
				CLANG_WARN_SUSPICIOUS_MOVE = YES;
				CLANG_WARN_UNGUARDED_AVAILABILITY = YES_AGGRESSIVE;
				CLANG_WARN_UNREACHABLE_CODE = YES;
				CLANG_WARN__DUPLICATE_METHOD_MATCH = YES;
				CODE_SIGN_IDENTITY = "iPhone Developer";
				COPY_PHASE_STRIP = NO;
				DEBUG_INFORMATION_FORMAT = "dwarf-with-dsym";
				ENABLE_NS_ASSERTIONS = NO;
				ENABLE_STRICT_OBJC_MSGSEND = YES;
				GCC_C_LANGUAGE_STANDARD = gnu11;
				GCC_NO_COMMON_BLOCKS = YES;
				GCC_WARN_64_TO_32_BIT_CONVERSION = YES;
				GCC_WARN_ABOUT_RETURN_TYPE = YES_ERROR;
				GCC_WARN_UNDECLARED_SELECTOR = YES;
				GCC_WARN_UNINITIALIZED_AUTOS = YES_AGGRESSIVE;
				GCC_WARN_UNUSED_FUNCTION = YES;
				GCC_WARN_UNUSED_VARIABLE = YES;
				IPHONEOS_DEPLOYMENT_TARGET = 11.0;
				MTL_ENABLE_DEBUG_INFO = NO;
				SDKROOT = iphoneos;
				SWIFT_OPTIMIZATION_LEVEL = "-Owholemodule";
				VALIDATE_PRODUCT = YES;
			};
			name = Release;
		};
		5F995DFB1F9286D700F8E459 /* Debug */ = {
			isa = XCBuildConfiguration;
			baseConfigurationReference = 0B5A263409D4EA805D1AF6F0 /* Pods-ColonelFund.debug.xcconfig */;
			buildSettings = {
				ASSETCATALOG_COMPILER_APPICON_NAME = AppIcon;
				CODE_SIGN_ENTITLEMENTS = ColonelFund/ColonelFund.entitlements;
				CODE_SIGN_STYLE = Automatic;
				DEVELOPMENT_TEAM = F29UMC73E8;
				FRAMEWORK_SEARCH_PATHS = (
					"$(inherited)",
					"$(PROJECT_DIR)",
				);
				INFOPLIST_FILE = ColonelFund/Info.plist;
				LD_RUNPATH_SEARCH_PATHS = "$(inherited) @executable_path/Frameworks";
				PRODUCT_BUNDLE_IDENTIFIER = com.ColonelFund.ColonelFund;
				PRODUCT_NAME = "$(TARGET_NAME)";
				SWIFT_VERSION = 4.0;
				TARGETED_DEVICE_FAMILY = "1,2";
			};
			name = Debug;
		};
		5F995DFC1F9286D700F8E459 /* Release */ = {
			isa = XCBuildConfiguration;
			baseConfigurationReference = 010C6108D7C79DF2AC8155CD /* Pods-ColonelFund.release.xcconfig */;
			buildSettings = {
				ASSETCATALOG_COMPILER_APPICON_NAME = AppIcon;
				CODE_SIGN_ENTITLEMENTS = ColonelFund/ColonelFund.entitlements;
				CODE_SIGN_STYLE = Automatic;
				DEVELOPMENT_TEAM = F29UMC73E8;
				FRAMEWORK_SEARCH_PATHS = (
					"$(inherited)",
					"$(PROJECT_DIR)",
				);
				INFOPLIST_FILE = ColonelFund/Info.plist;
				LD_RUNPATH_SEARCH_PATHS = "$(inherited) @executable_path/Frameworks";
				PRODUCT_BUNDLE_IDENTIFIER = com.ColonelFund.ColonelFund;
				PRODUCT_NAME = "$(TARGET_NAME)";
				SWIFT_VERSION = 4.0;
				TARGETED_DEVICE_FAMILY = "1,2";
			};
			name = Release;
		};
		5F995DFE1F9286D700F8E459 /* Debug */ = {
			isa = XCBuildConfiguration;
			baseConfigurationReference = CEE03B6FBA26E11D87463B51 /* Pods-ColonelFundTests.debug.xcconfig */;
			buildSettings = {
				ALWAYS_EMBED_SWIFT_STANDARD_LIBRARIES = YES;
				BUNDLE_LOADER = "$(TEST_HOST)";
				CODE_SIGN_STYLE = Automatic;
				DEVELOPMENT_TEAM = F29UMC73E8;
				INFOPLIST_FILE = ColonelFundTests/Info.plist;
				LD_RUNPATH_SEARCH_PATHS = "$(inherited) @executable_path/Frameworks @loader_path/Frameworks";
				PRODUCT_BUNDLE_IDENTIFIER = com.pennertech.ColonelFundTests;
				PRODUCT_NAME = "$(TARGET_NAME)";
				SWIFT_VERSION = 4.0;
				TARGETED_DEVICE_FAMILY = "1,2";
				TEST_HOST = "$(BUILT_PRODUCTS_DIR)/ColonelFund.app/ColonelFund";
			};
			name = Debug;
		};
		5F995DFF1F9286D700F8E459 /* Release */ = {
			isa = XCBuildConfiguration;
			baseConfigurationReference = B6E3F394D4DC866E93014003 /* Pods-ColonelFundTests.release.xcconfig */;
			buildSettings = {
				ALWAYS_EMBED_SWIFT_STANDARD_LIBRARIES = YES;
				BUNDLE_LOADER = "$(TEST_HOST)";
				CODE_SIGN_STYLE = Automatic;
				DEVELOPMENT_TEAM = F29UMC73E8;
				INFOPLIST_FILE = ColonelFundTests/Info.plist;
				LD_RUNPATH_SEARCH_PATHS = "$(inherited) @executable_path/Frameworks @loader_path/Frameworks";
				PRODUCT_BUNDLE_IDENTIFIER = com.pennertech.ColonelFundTests;
				PRODUCT_NAME = "$(TARGET_NAME)";
				SWIFT_VERSION = 4.0;
				TARGETED_DEVICE_FAMILY = "1,2";
				TEST_HOST = "$(BUILT_PRODUCTS_DIR)/ColonelFund.app/ColonelFund";
			};
			name = Release;
		};
		5F995E011F9286D700F8E459 /* Debug */ = {
			isa = XCBuildConfiguration;
			baseConfigurationReference = 337DDAE16B0893364FEAC90B /* Pods-ColonelFundUITests.debug.xcconfig */;
			buildSettings = {
				ALWAYS_EMBED_SWIFT_STANDARD_LIBRARIES = YES;
				CODE_SIGN_STYLE = Automatic;
				DEVELOPMENT_TEAM = F29UMC73E8;
				INFOPLIST_FILE = ColonelFundUITests/Info.plist;
				LD_RUNPATH_SEARCH_PATHS = "$(inherited) @executable_path/Frameworks @loader_path/Frameworks";
				PRODUCT_BUNDLE_IDENTIFIER = com.pennertech.ColonelFundUITests;
				PRODUCT_NAME = "$(TARGET_NAME)";
				SWIFT_VERSION = 4.0;
				TARGETED_DEVICE_FAMILY = "1,2";
				TEST_TARGET_NAME = ColonelFund;
			};
			name = Debug;
		};
		5F995E021F9286D700F8E459 /* Release */ = {
			isa = XCBuildConfiguration;
			baseConfigurationReference = 43740B974FEE3F3A620B0E57 /* Pods-ColonelFundUITests.release.xcconfig */;
			buildSettings = {
				ALWAYS_EMBED_SWIFT_STANDARD_LIBRARIES = YES;
				CODE_SIGN_STYLE = Automatic;
				DEVELOPMENT_TEAM = F29UMC73E8;
				INFOPLIST_FILE = ColonelFundUITests/Info.plist;
				LD_RUNPATH_SEARCH_PATHS = "$(inherited) @executable_path/Frameworks @loader_path/Frameworks";
				PRODUCT_BUNDLE_IDENTIFIER = com.pennertech.ColonelFundUITests;
				PRODUCT_NAME = "$(TARGET_NAME)";
				SWIFT_VERSION = 4.0;
				TARGETED_DEVICE_FAMILY = "1,2";
				TEST_TARGET_NAME = ColonelFund;
			};
			name = Release;
		};
/* End XCBuildConfiguration section */

/* Begin XCConfigurationList section */
		5F995DCA1F9286D700F8E459 /* Build configuration list for PBXProject "ColonelFund" */ = {
			isa = XCConfigurationList;
			buildConfigurations = (
				5F995DF81F9286D700F8E459 /* Debug */,
				5F995DF91F9286D700F8E459 /* Release */,
			);
			defaultConfigurationIsVisible = 0;
			defaultConfigurationName = Release;
		};
		5F995DFA1F9286D700F8E459 /* Build configuration list for PBXNativeTarget "ColonelFund" */ = {
			isa = XCConfigurationList;
			buildConfigurations = (
				5F995DFB1F9286D700F8E459 /* Debug */,
				5F995DFC1F9286D700F8E459 /* Release */,
			);
			defaultConfigurationIsVisible = 0;
			defaultConfigurationName = Release;
		};
		5F995DFD1F9286D700F8E459 /* Build configuration list for PBXNativeTarget "ColonelFundTests" */ = {
			isa = XCConfigurationList;
			buildConfigurations = (
				5F995DFE1F9286D700F8E459 /* Debug */,
				5F995DFF1F9286D700F8E459 /* Release */,
			);
			defaultConfigurationIsVisible = 0;
			defaultConfigurationName = Release;
		};
		5F995E001F9286D700F8E459 /* Build configuration list for PBXNativeTarget "ColonelFundUITests" */ = {
			isa = XCConfigurationList;
			buildConfigurations = (
				5F995E011F9286D700F8E459 /* Debug */,
				5F995E021F9286D700F8E459 /* Release */,
			);
			defaultConfigurationIsVisible = 0;
			defaultConfigurationName = Release;
		};
/* End XCConfigurationList section */

/* Begin XCVersionGroup section */
		5F995DD91F9286D700F8E459 /* ColonelFund.xcdatamodeld */ = {
			isa = XCVersionGroup;
			children = (
				5F995DDA1F9286D700F8E459 /* ColonelFund.xcdatamodel */,
			);
			currentVersion = 5F995DDA1F9286D700F8E459 /* ColonelFund.xcdatamodel */;
			path = ColonelFund.xcdatamodeld;
			sourceTree = "<group>";
			versionGroupType = wrapper.xcdatamodel;
		};
/* End XCVersionGroup section */
	};
	rootObject = 5F995DC71F9286D700F8E459 /* Project object */;
}
