// !$*UTF8*$!
{
	archiveVersion = 1;
	classes = {
	};
	objectVersion = 48;
	objects = {

/* Begin PBXBuildFile section */
		5F995DD31F9286D700F8E459 /* AppDelegate.swift in Sources */ = {isa = PBXBuildFile; fileRef = 5F995DD21F9286D700F8E459 /* AppDelegate.swift */; };
		5F995DD51F9286D700F8E459 /* ViewController.swift in Sources */ = {isa = PBXBuildFile; fileRef = 5F995DD41F9286D700F8E459 /* ViewController.swift */; };
		5F995DD81F9286D700F8E459 /* Main.storyboard in Resources */ = {isa = PBXBuildFile; fileRef = 5F995DD61F9286D700F8E459 /* Main.storyboard */; };
		5F995DDB1F9286D700F8E459 /* ColonelFund.xcdatamodeld in Sources */ = {isa = PBXBuildFile; fileRef = 5F995DD91F9286D700F8E459 /* ColonelFund.xcdatamodeld */; };
		5F995DDD1F9286D700F8E459 /* Assets.xcassets in Resources */ = {isa = PBXBuildFile; fileRef = 5F995DDC1F9286D700F8E459 /* Assets.xcassets */; };
		5F995DE01F9286D700F8E459 /* LaunchScreen.storyboard in Resources */ = {isa = PBXBuildFile; fileRef = 5F995DDE1F9286D700F8E459 /* LaunchScreen.storyboard */; };
		5F995DEB1F9286D700F8E459 /* ColonelFundTests.swift in Sources */ = {isa = PBXBuildFile; fileRef = 5F995DEA1F9286D700F8E459 /* ColonelFundTests.swift */; };
		5F995DF61F9286D700F8E459 /* ColonelFundUITests.swift in Sources */ = {isa = PBXBuildFile; fileRef = 5F995DF51F9286D700F8E459 /* ColonelFundUITests.swift */; };
/* End PBXBuildFile section */

/* Begin PBXContainerItemProxy section */
		5F995DE71F9286D700F8E459 /* PBXContainerItemProxy */ = {
			isa = PBXContainerItemProxy;
			containerPortal = 5F995DC71F9286D700F8E459 /* Project object */;
			proxyType = 1;
			remoteGlobalIDString = 5F995DCE1F9286D700F8E459;
			remoteInfo = ColonelFund;
		};
		5F995DF21F9286D700F8E459 /* PBXContainerItemProxy */ = {
			isa = PBXContainerItemProxy;
			containerPortal = 5F995DC71F9286D700F8E459 /* Project object */;
			proxyType = 1;
			remoteGlobalIDString = 5F995DCE1F9286D700F8E459;
			remoteInfo = ColonelFund;
		};
/* End PBXContainerItemProxy section */

/* Begin PBXFileReference section */
		5F995DCF1F9286D700F8E459 /* ColonelFund.app */ = {isa = PBXFileReference; explicitFileType = wrapper.application; includeInIndex = 0; path = ColonelFund.app; sourceTree = BUILT_PRODUCTS_DIR; };
		5F995DD21F9286D700F8E459 /* AppDelegate.swift */ = {isa = PBXFileReference; lastKnownFileType = sourcecode.swift; path = AppDelegate.swift; sourceTree = "<group>"; };
		5F995DD41F9286D700F8E459 /* ViewController.swift */ = {isa = PBXFileReference; lastKnownFileType = sourcecode.swift; path = ViewController.swift; sourceTree = "<group>"; };
		5F995DD71F9286D700F8E459 /* Base */ = {isa = PBXFileReference; lastKnownFileType = file.storyboard; name = Base; path = Base.lproj/Main.storyboard; sourceTree = "<group>"; };
		5F995DDA1F9286D700F8E459 /* ColonelFund.xcdatamodel */ = {isa = PBXFileReference; lastKnownFileType = wrapper.xcdatamodel; path = ColonelFund.xcdatamodel; sourceTree = "<group>"; };
		5F995DDC1F9286D700F8E459 /* Assets.xcassets */ = {isa = PBXFileReference; lastKnownFileType = folder.assetcatalog; path = Assets.xcassets; sourceTree = "<group>"; };
		5F995DDF1F9286D700F8E459 /* Base */ = {isa = PBXFileReference; lastKnownFileType = file.storyboard; name = Base; path = Base.lproj/LaunchScreen.storyboard; sourceTree = "<group>"; };
		5F995DE11F9286D700F8E459 /* Info.plist */ = {isa = PBXFileReference; lastKnownFileType = text.plist.xml; path = Info.plist; sourceTree = "<group>"; };
		5F995DE61F9286D700F8E459 /* ColonelFundTests.xctest */ = {isa = PBXFileReference; explicitFileType = wrapper.cfbundle; includeInIndex = 0; path = ColonelFundTests.xctest; sourceTree = BUILT_PRODUCTS_DIR; };
		5F995DEA1F9286D700F8E459 /* ColonelFundTests.swift */ = {isa = PBXFileReference; lastKnownFileType = sourcecode.swift; path = ColonelFundTests.swift; sourceTree = "<group>"; };
		5F995DEC1F9286D700F8E459 /* Info.plist */ = {isa = PBXFileReference; lastKnownFileType = text.plist.xml; path = Info.plist; sourceTree = "<group>"; };
		5F995DF11F9286D700F8E459 /* ColonelFundUITests.xctest */ = {isa = PBXFileReference; explicitFileType = wrapper.cfbundle; includeInIndex = 0; path = ColonelFundUITests.xctest; sourceTree = BUILT_PRODUCTS_DIR; };
		5F995DF51F9286D700F8E459 /* ColonelFundUITests.swift */ = {isa = PBXFileReference; lastKnownFileType = sourcecode.swift; path = ColonelFundUITests.swift; sourceTree = "<group>"; };
		5F995DF71F9286D700F8E459 /* Info.plist */ = {isa = PBXFileReference; lastKnownFileType = text.plist.xml; path = Info.plist; sourceTree = "<group>"; };
/* End PBXFileReference section */

/* Begin PBXFrameworksBuildPhase section */
		5F995DCC1F9286D700F8E459 /* Frameworks */ = {
			isa = PBXFrameworksBuildPhase;
			buildActionMask = 2147483647;
			files = (
			);
			runOnlyForDeploymentPostprocessing = 0;
		};
		5F995DE31F9286D700F8E459 /* Frameworks */ = {
			isa = PBXFrameworksBuildPhase;
			buildActionMask = 2147483647;
			files = (
			);
			runOnlyForDeploymentPostprocessing = 0;
		};
		5F995DEE1F9286D700F8E459 /* Frameworks */ = {
			isa = PBXFrameworksBuildPhase;
			buildActionMask = 2147483647;
			files = (
			);
			runOnlyForDeploymentPostprocessing = 0;
		};
/* End PBXFrameworksBuildPhase section */

/* Begin PBXGroup section */
		5F995DC61F9286D700F8E459 = {
			isa = PBXGroup;
			children = (
				5F995DD11F9286D700F8E459 /* ColonelFund */,
				5F995DE91F9286D700F8E459 /* ColonelFundTests */,
				5F995DF41F9286D700F8E459 /* ColonelFundUITests */,
				5F995DD01F9286D700F8E459 /* Products */,
			);
			sourceTree = "<group>";
		};
		5F995DD01F9286D700F8E459 /* Products */ = {
			isa = PBXGroup;
			children = (
				5F995DCF1F9286D700F8E459 /* ColonelFund.app */,
				5F995DE61F9286D700F8E459 /* ColonelFundTests.xctest */,
				5F995DF11F9286D700F8E459 /* ColonelFundUITests.xctest */,
			);
			name = Products;
			sourceTree = "<group>";
		};
		5F995DD11F9286D700F8E459 /* ColonelFund */ = {
			isa = PBXGroup;
			children = (
				5F995DD21F9286D700F8E459 /* AppDelegate.swift */,
				5F995DD41F9286D700F8E459 /* ViewController.swift */,
				5F995DD61F9286D700F8E459 /* Main.storyboard */,
				5F995DDC1F9286D700F8E459 /* Assets.xcassets */,
				5F995DDE1F9286D700F8E459 /* LaunchScreen.storyboard */,
				5F995DE11F9286D700F8E459 /* Info.plist */,
				5F995DD91F9286D700F8E459 /* ColonelFund.xcdatamodeld */,
			);
			path = ColonelFund;
			sourceTree = "<group>";
		};
		5F995DE91F9286D700F8E459 /* ColonelFundTests */ = {
			isa = PBXGroup;
			children = (
				5F995DEA1F9286D700F8E459 /* ColonelFundTests.swift */,
				5F995DEC1F9286D700F8E459 /* Info.plist */,
			);
			path = ColonelFundTests;
			sourceTree = "<group>";
		};
		5F995DF41F9286D700F8E459 /* ColonelFundUITests */ = {
			isa = PBXGroup;
			children = (
				5F995DF51F9286D700F8E459 /* ColonelFundUITests.swift */,
				5F995DF71F9286D700F8E459 /* Info.plist */,
			);
			path = ColonelFundUITests;
			sourceTree = "<group>";
		};
/* End PBXGroup section */

/* Begin PBXNativeTarget section */
		5F995DCE1F9286D700F8E459 /* ColonelFund */ = {
			isa = PBXNativeTarget;
			buildConfigurationList = 5F995DFA1F9286D700F8E459 /* Build configuration list for PBXNativeTarget "ColonelFund" */;
			buildPhases = (
				5F995DCB1F9286D700F8E459 /* Sources */,
				5F995DCC1F9286D700F8E459 /* Frameworks */,
				5F995DCD1F9286D700F8E459 /* Resources */,
			);
			buildRules = (
			);
			dependencies = (
			);
			name = ColonelFund;
			productName = ColonelFund;
			productReference = 5F995DCF1F9286D700F8E459 /* ColonelFund.app */;
			productType = "com.apple.product-type.application";
		};
		5F995DE51F9286D700F8E459 /* ColonelFundTests */ = {
			isa = PBXNativeTarget;
			buildConfigurationList = 5F995DFD1F9286D700F8E459 /* Build configuration list for PBXNativeTarget "ColonelFundTests" */;
			buildPhases = (
				5F995DE21F9286D700F8E459 /* Sources */,
				5F995DE31F9286D700F8E459 /* Frameworks */,
				5F995DE41F9286D700F8E459 /* Resources */,
			);
			buildRules = (
			);
			dependencies = (
				5F995DE81F9286D700F8E459 /* PBXTargetDependency */,
			);
			name = ColonelFundTests;
			productName = ColonelFundTests;
			productReference = 5F995DE61F9286D700F8E459 /* ColonelFundTests.xctest */;
			productType = "com.apple.product-type.bundle.unit-test";
		};
		5F995DF01F9286D700F8E459 /* ColonelFundUITests */ = {
			isa = PBXNativeTarget;
			buildConfigurationList = 5F995E001F9286D700F8E459 /* Build configuration list for PBXNativeTarget "ColonelFundUITests" */;
			buildPhases = (
				5F995DED1F9286D700F8E459 /* Sources */,
				5F995DEE1F9286D700F8E459 /* Frameworks */,
				5F995DEF1F9286D700F8E459 /* Resources */,
			);
			buildRules = (
			);
			dependencies = (
				5F995DF31F9286D700F8E459 /* PBXTargetDependency */,
			);
			name = ColonelFundUITests;
			productName = ColonelFundUITests;
			productReference = 5F995DF11F9286D700F8E459 /* ColonelFundUITests.xctest */;
			productType = "com.apple.product-type.bundle.ui-testing";
		};
/* End PBXNativeTarget section */

/* Begin PBXProject section */
		5F995DC71F9286D700F8E459 /* Project object */ = {
			isa = PBXProject;
			attributes = {
				LastSwiftUpdateCheck = 0900;
				LastUpgradeCheck = 0900;
				ORGANIZATIONNAME = PennerTech;
				TargetAttributes = {
					5F995DCE1F9286D700F8E459 = {
						CreatedOnToolsVersion = 9.0;
						ProvisioningStyle = Automatic;
					};
					5F995DE51F9286D700F8E459 = {
						CreatedOnToolsVersion = 9.0;
						ProvisioningStyle = Automatic;
						TestTargetID = 5F995DCE1F9286D700F8E459;
					};
					5F995DF01F9286D700F8E459 = {
						CreatedOnToolsVersion = 9.0;
						ProvisioningStyle = Automatic;
						TestTargetID = 5F995DCE1F9286D700F8E459;
					};
				};
			};
			buildConfigurationList = 5F995DCA1F9286D700F8E459 /* Build configuration list for PBXProject "ColonelFund" */;
			compatibilityVersion = "Xcode 8.0";
			developmentRegion = en;
			hasScannedForEncodings = 0;
			knownRegions = (
				en,
				Base,
			);
			mainGroup = 5F995DC61F9286D700F8E459;
			productRefGroup = 5F995DD01F9286D700F8E459 /* Products */;
			projectDirPath = "";
			projectRoot = "";
			targets = (
				5F995DCE1F9286D700F8E459 /* ColonelFund */,
				5F995DE51F9286D700F8E459 /* ColonelFundTests */,
				5F995DF01F9286D700F8E459 /* ColonelFundUITests */,
			);
		};
/* End PBXProject section */

/* Begin PBXResourcesBuildPhase section */
		5F995DCD1F9286D700F8E459 /* Resources */ = {
			isa = PBXResourcesBuildPhase;
			buildActionMask = 2147483647;
			files = (
				5F995DE01F9286D700F8E459 /* LaunchScreen.storyboard in Resources */,
				5F995DDD1F9286D700F8E459 /* Assets.xcassets in Resources */,
				5F995DD81F9286D700F8E459 /* Main.storyboard in Resources */,
			);
			runOnlyForDeploymentPostprocessing = 0;
		};
		5F995DE41F9286D700F8E459 /* Resources */ = {
			isa = PBXResourcesBuildPhase;
			buildActionMask = 2147483647;
			files = (
			);
			runOnlyForDeploymentPostprocessing = 0;
		};
		5F995DEF1F9286D700F8E459 /* Resources */ = {
			isa = PBXResourcesBuildPhase;
			buildActionMask = 2147483647;
			files = (
			);
			runOnlyForDeploymentPostprocessing = 0;
		};
/* End PBXResourcesBuildPhase section */

/* Begin PBXSourcesBuildPhase section */
		5F995DCB1F9286D700F8E459 /* Sources */ = {
			isa = PBXSourcesBuildPhase;
			buildActionMask = 2147483647;
			files = (
				5F995DD51F9286D700F8E459 /* ViewController.swift in Sources */,
				5F995DD31F9286D700F8E459 /* AppDelegate.swift in Sources */,
				5F995DDB1F9286D700F8E459 /* ColonelFund.xcdatamodeld in Sources */,
			);
			runOnlyForDeploymentPostprocessing = 0;
		};
		5F995DE21F9286D700F8E459 /* Sources */ = {
			isa = PBXSourcesBuildPhase;
			buildActionMask = 2147483647;
			files = (
				5F995DEB1F9286D700F8E459 /* ColonelFundTests.swift in Sources */,
			);
			runOnlyForDeploymentPostprocessing = 0;
		};
		5F995DED1F9286D700F8E459 /* Sources */ = {
			isa = PBXSourcesBuildPhase;
			buildActionMask = 2147483647;
			files = (
				5F995DF61F9286D700F8E459 /* ColonelFundUITests.swift in Sources */,
			);
			runOnlyForDeploymentPostprocessing = 0;
		};
/* End PBXSourcesBuildPhase section */

/* Begin PBXTargetDependency section */
		5F995DE81F9286D700F8E459 /* PBXTargetDependency */ = {
			isa = PBXTargetDependency;
			target = 5F995DCE1F9286D700F8E459 /* ColonelFund */;
			targetProxy = 5F995DE71F9286D700F8E459 /* PBXContainerItemProxy */;
		};
		5F995DF31F9286D700F8E459 /* PBXTargetDependency */ = {
			isa = PBXTargetDependency;
			target = 5F995DCE1F9286D700F8E459 /* ColonelFund */;
			targetProxy = 5F995DF21F9286D700F8E459 /* PBXContainerItemProxy */;
		};
/* End PBXTargetDependency section */

/* Begin PBXVariantGroup section */
		5F995DD61F9286D700F8E459 /* Main.storyboard */ = {
			isa = PBXVariantGroup;
			children = (
				5F995DD71F9286D700F8E459 /* Base */,
			);
			name = Main.storyboard;
			sourceTree = "<group>";
		};
		5F995DDE1F9286D700F8E459 /* LaunchScreen.storyboard */ = {
			isa = PBXVariantGroup;
			children = (
				5F995DDF1F9286D700F8E459 /* Base */,
			);
			name = LaunchScreen.storyboard;
			sourceTree = "<group>";
		};
/* End PBXVariantGroup section */

/* Begin XCBuildConfiguration section */
		5F995DF81F9286D700F8E459 /* Debug */ = {
			isa = XCBuildConfiguration;
			buildSettings = {
				ALWAYS_SEARCH_USER_PATHS = NO;
				CLANG_ANALYZER_NONNULL = YES;
				CLANG_ANALYZER_NUMBER_OBJECT_CONVERSION = YES_AGGRESSIVE;
				CLANG_CXX_LANGUAGE_STANDARD = "gnu++14";
				CLANG_CXX_LIBRARY = "libc++";
				CLANG_ENABLE_MODULES = YES;
				CLANG_ENABLE_OBJC_ARC = YES;
				CLANG_WARN_BLOCK_CAPTURE_AUTORELEASING = YES;
				CLANG_WARN_BOOL_CONVERSION = YES;
				CLANG_WARN_COMMA = YES;
				CLANG_WARN_CONSTANT_CONVERSION = YES;
				CLANG_WARN_DIRECT_OBJC_ISA_USAGE = YES_ERROR;
				CLANG_WARN_DOCUMENTATION_COMMENTS = YES;
				CLANG_WARN_EMPTY_BODY = YES;
				CLANG_WARN_ENUM_CONVERSION = YES;
				CLANG_WARN_INFINITE_RECURSION = YES;
				CLANG_WARN_INT_CONVERSION = YES;
				CLANG_WARN_NON_LITERAL_NULL_CONVERSION = YES;
				CLANG_WARN_OBJC_LITERAL_CONVERSION = YES;
				CLANG_WARN_OBJC_ROOT_CLASS = YES_ERROR;
				CLANG_WARN_RANGE_LOOP_ANALYSIS = YES;
				CLANG_WARN_STRICT_PROTOTYPES = YES;
				CLANG_WARN_SUSPICIOUS_MOVE = YES;
				CLANG_WARN_UNGUARDED_AVAILABILITY = YES_AGGRESSIVE;
				CLANG_WARN_UNREACHABLE_CODE = YES;
				CLANG_WARN__DUPLICATE_METHOD_MATCH = YES;
				CODE_SIGN_IDENTITY = "iPhone Developer";
				COPY_PHASE_STRIP = NO;
				DEBUG_INFORMATION_FORMAT = dwarf;
				ENABLE_STRICT_OBJC_MSGSEND = YES;
				ENABLE_TESTABILITY = YES;
				GCC_C_LANGUAGE_STANDARD = gnu11;
				GCC_DYNAMIC_NO_PIC = NO;
				GCC_NO_COMMON_BLOCKS = YES;
				GCC_OPTIMIZATION_LEVEL = 0;
				GCC_PREPROCESSOR_DEFINITIONS = (
					"DEBUG=1",
					"$(inherited)",
				);
				GCC_WARN_64_TO_32_BIT_CONVERSION = YES;
				GCC_WARN_ABOUT_RETURN_TYPE = YES_ERROR;
				GCC_WARN_UNDECLARED_SELECTOR = YES;
				GCC_WARN_UNINITIALIZED_AUTOS = YES_AGGRESSIVE;
				GCC_WARN_UNUSED_FUNCTION = YES;
				GCC_WARN_UNUSED_VARIABLE = YES;
				IPHONEOS_DEPLOYMENT_TARGET = 11.0;
				MTL_ENABLE_DEBUG_INFO = YES;
				ONLY_ACTIVE_ARCH = YES;
				SDKROOT = iphoneos;
				SWIFT_ACTIVE_COMPILATION_CONDITIONS = DEBUG;
				SWIFT_OPTIMIZATION_LEVEL = "-Onone";
			};
			name = Debug;
		};
		5F995DF91F9286D700F8E459 /* Release */ = {
			isa = XCBuildConfiguration;
			buildSettings = {
				ALWAYS_SEARCH_USER_PATHS = NO;
				CLANG_ANALYZER_NONNULL = YES;
				CLANG_ANALYZER_NUMBER_OBJECT_CONVERSION = YES_AGGRESSIVE;
				CLANG_CXX_LANGUAGE_STANDARD = "gnu++14";
				CLANG_CXX_LIBRARY = "libc++";
				CLANG_ENABLE_MODULES = YES;
				CLANG_ENABLE_OBJC_ARC = YES;
				CLANG_WARN_BLOCK_CAPTURE_AUTORELEASING = YES;
				CLANG_WARN_BOOL_CONVERSION = YES;
				CLANG_WARN_COMMA = YES;
				CLANG_WARN_CONSTANT_CONVERSION = YES;
				CLANG_WARN_DIRECT_OBJC_ISA_USAGE = YES_ERROR;
				CLANG_WARN_DOCUMENTATION_COMMENTS = YES;
				CLANG_WARN_EMPTY_BODY = YES;
				CLANG_WARN_ENUM_CONVERSION = YES;
				CLANG_WARN_INFINITE_RECURSION = YES;
				CLANG_WARN_INT_CONVERSION = YES;
				CLANG_WARN_NON_LITERAL_NULL_CONVERSION = YES;
				CLANG_WARN_OBJC_LITERAL_CONVERSION = YES;
				CLANG_WARN_OBJC_ROOT_CLASS = YES_ERROR;
				CLANG_WARN_RANGE_LOOP_ANALYSIS = YES;
				CLANG_WARN_STRICT_PROTOTYPES = YES;
				CLANG_WARN_SUSPICIOUS_MOVE = YES;
				CLANG_WARN_UNGUARDED_AVAILABILITY = YES_AGGRESSIVE;
				CLANG_WARN_UNREACHABLE_CODE = YES;
				CLANG_WARN__DUPLICATE_METHOD_MATCH = YES;
				CODE_SIGN_IDENTITY = "iPhone Developer";
				COPY_PHASE_STRIP = NO;
				DEBUG_INFORMATION_FORMAT = "dwarf-with-dsym";
				ENABLE_NS_ASSERTIONS = NO;
				ENABLE_STRICT_OBJC_MSGSEND = YES;
				GCC_C_LANGUAGE_STANDARD = gnu11;
				GCC_NO_COMMON_BLOCKS = YES;
				GCC_WARN_64_TO_32_BIT_CONVERSION = YES;
				GCC_WARN_ABOUT_RETURN_TYPE = YES_ERROR;
				GCC_WARN_UNDECLARED_SELECTOR = YES;
				GCC_WARN_UNINITIALIZED_AUTOS = YES_AGGRESSIVE;
				GCC_WARN_UNUSED_FUNCTION = YES;
				GCC_WARN_UNUSED_VARIABLE = YES;
				IPHONEOS_DEPLOYMENT_TARGET = 11.0;
				MTL_ENABLE_DEBUG_INFO = NO;
				SDKROOT = iphoneos;
				SWIFT_OPTIMIZATION_LEVEL = "-Owholemodule";
				VALIDATE_PRODUCT = YES;
			};
			name = Release;
		};
		5F995DFB1F9286D700F8E459 /* Debug */ = {
			isa = XCBuildConfiguration;
			buildSettings = {
				ASSETCATALOG_COMPILER_APPICON_NAME = AppIcon;
				CODE_SIGN_STYLE = Automatic;
				DEVELOPMENT_TEAM = F29UMC73E8;
				INFOPLIST_FILE = ColonelFund/Info.plist;
				LD_RUNPATH_SEARCH_PATHS = "$(inherited) @executable_path/Frameworks";
				PRODUCT_BUNDLE_IDENTIFIER = com.pennertech.ColonelFund;
				PRODUCT_NAME = "$(TARGET_NAME)";
				SWIFT_VERSION = 4.0;
				TARGETED_DEVICE_FAMILY = "1,2";
			};
			name = Debug;
		};
		5F995DFC1F9286D700F8E459 /* Release */ = {
			isa = XCBuildConfiguration;
			buildSettings = {
				ASSETCATALOG_COMPILER_APPICON_NAME = AppIcon;
				CODE_SIGN_STYLE = Automatic;
				DEVELOPMENT_TEAM = F29UMC73E8;
				INFOPLIST_FILE = ColonelFund/Info.plist;
				LD_RUNPATH_SEARCH_PATHS = "$(inherited) @executable_path/Frameworks";
				PRODUCT_BUNDLE_IDENTIFIER = com.pennertech.ColonelFund;
				PRODUCT_NAME = "$(TARGET_NAME)";
				SWIFT_VERSION = 4.0;
				TARGETED_DEVICE_FAMILY = "1,2";
			};
			name = Release;
		};
		5F995DFE1F9286D700F8E459 /* Debug */ = {
			isa = XCBuildConfiguration;
			buildSettings = {
				ALWAYS_EMBED_SWIFT_STANDARD_LIBRARIES = YES;
				BUNDLE_LOADER = "$(TEST_HOST)";
				CODE_SIGN_STYLE = Automatic;
				DEVELOPMENT_TEAM = F29UMC73E8;
				INFOPLIST_FILE = ColonelFundTests/Info.plist;
				LD_RUNPATH_SEARCH_PATHS = "$(inherited) @executable_path/Frameworks @loader_path/Frameworks";
				PRODUCT_BUNDLE_IDENTIFIER = com.pennertech.ColonelFundTests;
				PRODUCT_NAME = "$(TARGET_NAME)";
				SWIFT_VERSION = 4.0;
				TARGETED_DEVICE_FAMILY = "1,2";
				TEST_HOST = "$(BUILT_PRODUCTS_DIR)/ColonelFund.app/ColonelFund";
			};
			name = Debug;
		};
		5F995DFF1F9286D700F8E459 /* Release */ = {
			isa = XCBuildConfiguration;
			buildSettings = {
				ALWAYS_EMBED_SWIFT_STANDARD_LIBRARIES = YES;
				BUNDLE_LOADER = "$(TEST_HOST)";
				CODE_SIGN_STYLE = Automatic;
				DEVELOPMENT_TEAM = F29UMC73E8;
				INFOPLIST_FILE = ColonelFundTests/Info.plist;
				LD_RUNPATH_SEARCH_PATHS = "$(inherited) @executable_path/Frameworks @loader_path/Frameworks";
				PRODUCT_BUNDLE_IDENTIFIER = com.pennertech.ColonelFundTests;
				PRODUCT_NAME = "$(TARGET_NAME)";
				SWIFT_VERSION = 4.0;
				TARGETED_DEVICE_FAMILY = "1,2";
				TEST_HOST = "$(BUILT_PRODUCTS_DIR)/ColonelFund.app/ColonelFund";
			};
			name = Release;
		};
		5F995E011F9286D700F8E459 /* Debug */ = {
			isa = XCBuildConfiguration;
			buildSettings = {
				ALWAYS_EMBED_SWIFT_STANDARD_LIBRARIES = YES;
				CODE_SIGN_STYLE = Automatic;
				DEVELOPMENT_TEAM = F29UMC73E8;
				INFOPLIST_FILE = ColonelFundUITests/Info.plist;
				LD_RUNPATH_SEARCH_PATHS = "$(inherited) @executable_path/Frameworks @loader_path/Frameworks";
				PRODUCT_BUNDLE_IDENTIFIER = com.pennertech.ColonelFundUITests;
				PRODUCT_NAME = "$(TARGET_NAME)";
				SWIFT_VERSION = 4.0;
				TARGETED_DEVICE_FAMILY = "1,2";
				TEST_TARGET_NAME = ColonelFund;
			};
			name = Debug;
		};
		5F995E021F9286D700F8E459 /* Release */ = {
			isa = XCBuildConfiguration;
			buildSettings = {
				ALWAYS_EMBED_SWIFT_STANDARD_LIBRARIES = YES;
				CODE_SIGN_STYLE = Automatic;
				DEVELOPMENT_TEAM = F29UMC73E8;
				INFOPLIST_FILE = ColonelFundUITests/Info.plist;
				LD_RUNPATH_SEARCH_PATHS = "$(inherited) @executable_path/Frameworks @loader_path/Frameworks";
				PRODUCT_BUNDLE_IDENTIFIER = com.pennertech.ColonelFundUITests;
				PRODUCT_NAME = "$(TARGET_NAME)";
				SWIFT_VERSION = 4.0;
				TARGETED_DEVICE_FAMILY = "1,2";
				TEST_TARGET_NAME = ColonelFund;
			};
			name = Release;
		};
/* End XCBuildConfiguration section */

/* Begin XCConfigurationList section */
		5F995DCA1F9286D700F8E459 /* Build configuration list for PBXProject "ColonelFund" */ = {
			isa = XCConfigurationList;
			buildConfigurations = (
				5F995DF81F9286D700F8E459 /* Debug */,
				5F995DF91F9286D700F8E459 /* Release */,
			);
			defaultConfigurationIsVisible = 0;
			defaultConfigurationName = Release;
		};
		5F995DFA1F9286D700F8E459 /* Build configuration list for PBXNativeTarget "ColonelFund" */ = {
			isa = XCConfigurationList;
			buildConfigurations = (
				5F995DFB1F9286D700F8E459 /* Debug */,
				5F995DFC1F9286D700F8E459 /* Release */,
			);
			defaultConfigurationIsVisible = 0;
			defaultConfigurationName = Release;
		};
		5F995DFD1F9286D700F8E459 /* Build configuration list for PBXNativeTarget "ColonelFundTests" */ = {
			isa = XCConfigurationList;
			buildConfigurations = (
				5F995DFE1F9286D700F8E459 /* Debug */,
				5F995DFF1F9286D700F8E459 /* Release */,
			);
			defaultConfigurationIsVisible = 0;
			defaultConfigurationName = Release;
		};
		5F995E001F9286D700F8E459 /* Build configuration list for PBXNativeTarget "ColonelFundUITests" */ = {
			isa = XCConfigurationList;
			buildConfigurations = (
				5F995E011F9286D700F8E459 /* Debug */,
				5F995E021F9286D700F8E459 /* Release */,
			);
			defaultConfigurationIsVisible = 0;
			defaultConfigurationName = Release;
		};
/* End XCConfigurationList section */

/* Begin XCVersionGroup section */
		5F995DD91F9286D700F8E459 /* ColonelFund.xcdatamodeld */ = {
			isa = XCVersionGroup;
			children = (
				5F995DDA1F9286D700F8E459 /* ColonelFund.xcdatamodel */,
			);
			currentVersion = 5F995DDA1F9286D700F8E459 /* ColonelFund.xcdatamodel */;
			path = ColonelFund.xcdatamodeld;
			sourceTree = "<group>";
			versionGroupType = wrapper.xcdatamodel;
		};
/* End XCVersionGroup section */
	};
	rootObject = 5F995DC71F9286D700F8E459 /* Project object */;
}
